
Microsoft Visual Studio Solution File, Format Version 12.00
# Visual Studio 14
VisualStudioVersion = 14.0.23107.0
MinimumVisualStudioVersion = 10.0.40219.1
Project("{FAE04EC0-301F-11D3-BF4B-00C04F79EFBC}") = "01.PlayWithTrees", "01.PlayWithTrees\01.PlayWithTrees.csproj", "{C18DD27E-7ED3-4DF8-BC18-29F218696651}"
EndProject
Project("{FAE04EC0-301F-11D3-BF4B-00C04F79EFBC}") = "02.TraverseandSaveDirectoryContentsinaTree", "02.TraverseandSaveDirectoryContentsinaTree\02.TraverseandSaveDirectoryContentsinaTree.csproj", "{F7E26E38-9E87-49D5-9177-670CFAF925CE}"
EndProject
Project("{FAE04EC0-301F-11D3-BF4B-00C04F79EFBC}") = "03.CalculateArithmeticExpression", "03.CalculateArithmeticExpression\03.CalculateArithmeticExpression.csproj", "{8A469679-4665-460B-BC8E-10218BECA25D}"
EndProject
Global
	GlobalSection(SolutionConfigurationPlatforms) = preSolution
		Debug|Any CPU = Debug|Any CPU
		Release|Any CPU = Release|Any CPU
	EndGlobalSection
	GlobalSection(ProjectConfigurationPlatforms) = postSolution
		{C18DD27E-7ED3-4DF8-BC18-29F218696651}.Debug|Any CPU.ActiveCfg = Debug|Any CPU
		{C18DD27E-7ED3-4DF8-BC18-29F218696651}.Debug|Any CPU.Build.0 = Debug|Any CPU
		{C18DD27E-7ED3-4DF8-BC18-29F218696651}.Release|Any CPU.ActiveCfg = Release|Any CPU
		{C18DD27E-7ED3-4DF8-BC18-29F218696651}.Release|Any CPU.Build.0 = Release|Any CPU
		{F7E26E38-9E87-49D5-9177-670CFAF925CE}.Debug|Any CPU.ActiveCfg = Debug|Any CPU
		{F7E26E38-9E87-49D5-9177-670CFAF925CE}.Debug|Any CPU.Build.0 = Debug|Any CPU
		{F7E26E38-9E87-49D5-9177-670CFAF925CE}.Release|Any CPU.ActiveCfg = Release|Any CPU
		{F7E26E38-9E87-49D5-9177-670CFAF925CE}.Release|Any CPU.Build.0 = Release|Any CPU
		{8A469679-4665-460B-BC8E-10218BECA25D}.Debug|Any CPU.ActiveCfg = Debug|Any CPU
		{8A469679-4665-460B-BC8E-10218BECA25D}.Debug|Any CPU.Build.0 = Debug|Any CPU
		{8A469679-4665-460B-BC8E-10218BECA25D}.Release|Any CPU.ActiveCfg = Release|Any CPU
		{8A469679-4665-460B-BC8E-10218BECA25D}.Release|Any CPU.Build.0 = Release|Any CPU
	EndGlobalSection
	GlobalSection(SolutionProperties) = preSolution
		HideSolutionNode = FALSE
	EndGlobalSection
EndGlobal
