
Microsoft Visual Studio Solution File, Format Version 12.00
# Visual Studio 2013
VisualStudioVersion = 12.0.30501.0
MinimumVisualStudioVersion = 10.0.40219.1
Project("{FAE04EC0-301F-11D3-BF4B-00C04F79EFBC}") = "01.FillingMatrix", "01.FillingMatrix\01.FillingMatrix.csproj", "{621C037F-66D4-44F6-AE38-17932D0359D0}"
EndProject
Project("{FAE04EC0-301F-11D3-BF4B-00C04F79EFBC}") = "02.MaximalSum", "02.MaximalSum\02.MaximalSum.csproj", "{E9C52944-5882-4CAD-9475-65D3E9859F93}"
EndProject
Project("{FAE04EC0-301F-11D3-BF4B-00C04F79EFBC}") = "03.MatrixShuffling", "03.MatrixShuffling\03.MatrixShuffling.csproj", "{4C370EAC-D4CA-4860-AA45-D172F0197742}"
EndProject
Project("{FAE04EC0-301F-11D3-BF4B-00C04F79EFBC}") = "04.SequenceInMatrix", "04.SequenceInMatrix\04.SequenceInMatrix.csproj", "{3AF93A1F-E446-47E3-B60E-55A4B237F018}"
EndProject
Project("{FAE04EC0-301F-11D3-BF4B-00C04F79EFBC}") = "05.CountTheCoins", "05.CountTheCoins\05.CountTheCoins.csproj", "{03DCC6C9-132E-49B7-911B-8CBF45A09443}"
EndProject
Project("{FAE04EC0-301F-11D3-BF4B-00C04F79EFBC}") = "06.CountSymbols", "06.CountSymbols\06.CountSymbols.csproj", "{A780B8F9-091E-45E0-B0EE-95AC632837D7}"
EndProject
Project("{FAE04EC0-301F-11D3-BF4B-00C04F79EFBC}") = "07.PhoneBook", "07.PhoneBook\07.PhoneBook.csproj", "{E0E572A9-CAE4-4E4F-BCE2-C03D8A871295}"
EndProject
Project("{FAE04EC0-301F-11D3-BF4B-00C04F79EFBC}") = "08.NightLife", "08.NightLife\08.NightLife.csproj", "{1AB6CD49-A002-4FEE-8FD9-CB3EDEBD964B}"
EndProject
Project("{FAE04EC0-301F-11D3-BF4B-00C04F79EFBC}") = "09.TerroristsWin", "09.TerroristsWin\09.TerroristsWin.csproj", "{1367B1D1-5557-401F-877F-0DEFA85FB549}"
EndProject
Project("{FAE04EC0-301F-11D3-BF4B-00C04F79EFBC}") = "10.Plus-Remove", "10.Plus-Remove\10.Plus-Remove.csproj", "{BE4B73EA-377A-448A-8152-DCA521FE0945}"
EndProject
Project("{FAE04EC0-301F-11D3-BF4B-00C04F79EFBC}") = "11.StringMatrixRotation", "11.StringMatrixRotation\11.StringMatrixRotation.csproj", "{41A3FB4F-A476-43A2-9F2C-78BE90F05BA8}"
EndProject
Project("{FAE04EC0-301F-11D3-BF4B-00C04F79EFBC}") = "12.ToTheStars", "12.ToTheStars\12.ToTheStars.csproj", "{A093A52A-DE1A-44B4-93D0-1A62C395252A}"
EndProject
Project("{FAE04EC0-301F-11D3-BF4B-00C04F79EFBC}") = "13.ActivityTracker", "13.ActivityTracker\13.ActivityTracker.csproj", "{6387777B-11D1-4518-8A55-995BDEB3613C}"
EndProject
Global
	GlobalSection(SolutionConfigurationPlatforms) = preSolution
		Debug|Any CPU = Debug|Any CPU
		Release|Any CPU = Release|Any CPU
	EndGlobalSection
	GlobalSection(ProjectConfigurationPlatforms) = postSolution
		{621C037F-66D4-44F6-AE38-17932D0359D0}.Debug|Any CPU.ActiveCfg = Debug|Any CPU
		{621C037F-66D4-44F6-AE38-17932D0359D0}.Debug|Any CPU.Build.0 = Debug|Any CPU
		{621C037F-66D4-44F6-AE38-17932D0359D0}.Release|Any CPU.ActiveCfg = Release|Any CPU
		{621C037F-66D4-44F6-AE38-17932D0359D0}.Release|Any CPU.Build.0 = Release|Any CPU
		{E9C52944-5882-4CAD-9475-65D3E9859F93}.Debug|Any CPU.ActiveCfg = Debug|Any CPU
		{E9C52944-5882-4CAD-9475-65D3E9859F93}.Debug|Any CPU.Build.0 = Debug|Any CPU
		{E9C52944-5882-4CAD-9475-65D3E9859F93}.Release|Any CPU.ActiveCfg = Release|Any CPU
		{E9C52944-5882-4CAD-9475-65D3E9859F93}.Release|Any CPU.Build.0 = Release|Any CPU
		{4C370EAC-D4CA-4860-AA45-D172F0197742}.Debug|Any CPU.ActiveCfg = Debug|Any CPU
		{4C370EAC-D4CA-4860-AA45-D172F0197742}.Debug|Any CPU.Build.0 = Debug|Any CPU
		{4C370EAC-D4CA-4860-AA45-D172F0197742}.Release|Any CPU.ActiveCfg = Release|Any CPU
		{4C370EAC-D4CA-4860-AA45-D172F0197742}.Release|Any CPU.Build.0 = Release|Any CPU
		{3AF93A1F-E446-47E3-B60E-55A4B237F018}.Debug|Any CPU.ActiveCfg = Debug|Any CPU
		{3AF93A1F-E446-47E3-B60E-55A4B237F018}.Debug|Any CPU.Build.0 = Debug|Any CPU
		{3AF93A1F-E446-47E3-B60E-55A4B237F018}.Release|Any CPU.ActiveCfg = Release|Any CPU
		{3AF93A1F-E446-47E3-B60E-55A4B237F018}.Release|Any CPU.Build.0 = Release|Any CPU
		{03DCC6C9-132E-49B7-911B-8CBF45A09443}.Debug|Any CPU.ActiveCfg = Debug|Any CPU
		{03DCC6C9-132E-49B7-911B-8CBF45A09443}.Debug|Any CPU.Build.0 = Debug|Any CPU
		{03DCC6C9-132E-49B7-911B-8CBF45A09443}.Release|Any CPU.ActiveCfg = Release|Any CPU
		{03DCC6C9-132E-49B7-911B-8CBF45A09443}.Release|Any CPU.Build.0 = Release|Any CPU
		{A780B8F9-091E-45E0-B0EE-95AC632837D7}.Debug|Any CPU.ActiveCfg = Debug|Any CPU
		{A780B8F9-091E-45E0-B0EE-95AC632837D7}.Debug|Any CPU.Build.0 = Debug|Any CPU
		{A780B8F9-091E-45E0-B0EE-95AC632837D7}.Release|Any CPU.ActiveCfg = Release|Any CPU
		{A780B8F9-091E-45E0-B0EE-95AC632837D7}.Release|Any CPU.Build.0 = Release|Any CPU
		{E0E572A9-CAE4-4E4F-BCE2-C03D8A871295}.Debug|Any CPU.ActiveCfg = Debug|Any CPU
		{E0E572A9-CAE4-4E4F-BCE2-C03D8A871295}.Debug|Any CPU.Build.0 = Debug|Any CPU
		{E0E572A9-CAE4-4E4F-BCE2-C03D8A871295}.Release|Any CPU.ActiveCfg = Release|Any CPU
		{E0E572A9-CAE4-4E4F-BCE2-C03D8A871295}.Release|Any CPU.Build.0 = Release|Any CPU
		{1AB6CD49-A002-4FEE-8FD9-CB3EDEBD964B}.Debug|Any CPU.ActiveCfg = Debug|Any CPU
		{1AB6CD49-A002-4FEE-8FD9-CB3EDEBD964B}.Debug|Any CPU.Build.0 = Debug|Any CPU
		{1AB6CD49-A002-4FEE-8FD9-CB3EDEBD964B}.Release|Any CPU.ActiveCfg = Release|Any CPU
		{1AB6CD49-A002-4FEE-8FD9-CB3EDEBD964B}.Release|Any CPU.Build.0 = Release|Any CPU
		{1367B1D1-5557-401F-877F-0DEFA85FB549}.Debug|Any CPU.ActiveCfg = Debug|Any CPU
		{1367B1D1-5557-401F-877F-0DEFA85FB549}.Debug|Any CPU.Build.0 = Debug|Any CPU
		{1367B1D1-5557-401F-877F-0DEFA85FB549}.Release|Any CPU.ActiveCfg = Release|Any CPU
		{1367B1D1-5557-401F-877F-0DEFA85FB549}.Release|Any CPU.Build.0 = Release|Any CPU
		{BE4B73EA-377A-448A-8152-DCA521FE0945}.Debug|Any CPU.ActiveCfg = Debug|Any CPU
		{BE4B73EA-377A-448A-8152-DCA521FE0945}.Debug|Any CPU.Build.0 = Debug|Any CPU
		{BE4B73EA-377A-448A-8152-DCA521FE0945}.Release|Any CPU.ActiveCfg = Release|Any CPU
		{BE4B73EA-377A-448A-8152-DCA521FE0945}.Release|Any CPU.Build.0 = Release|Any CPU
		{41A3FB4F-A476-43A2-9F2C-78BE90F05BA8}.Debug|Any CPU.ActiveCfg = Debug|Any CPU
		{41A3FB4F-A476-43A2-9F2C-78BE90F05BA8}.Debug|Any CPU.Build.0 = Debug|Any CPU
		{41A3FB4F-A476-43A2-9F2C-78BE90F05BA8}.Release|Any CPU.ActiveCfg = Release|Any CPU
		{41A3FB4F-A476-43A2-9F2C-78BE90F05BA8}.Release|Any CPU.Build.0 = Release|Any CPU
		{A093A52A-DE1A-44B4-93D0-1A62C395252A}.Debug|Any CPU.ActiveCfg = Debug|Any CPU
		{A093A52A-DE1A-44B4-93D0-1A62C395252A}.Debug|Any CPU.Build.0 = Debug|Any CPU
		{A093A52A-DE1A-44B4-93D0-1A62C395252A}.Release|Any CPU.ActiveCfg = Release|Any CPU
		{A093A52A-DE1A-44B4-93D0-1A62C395252A}.Release|Any CPU.Build.0 = Release|Any CPU
		{6387777B-11D1-4518-8A55-995BDEB3613C}.Debug|Any CPU.ActiveCfg = Debug|Any CPU
		{6387777B-11D1-4518-8A55-995BDEB3613C}.Debug|Any CPU.Build.0 = Debug|Any CPU
		{6387777B-11D1-4518-8A55-995BDEB3613C}.Release|Any CPU.ActiveCfg = Release|Any CPU
		{6387777B-11D1-4518-8A55-995BDEB3613C}.Release|Any CPU.Build.0 = Release|Any CPU
	EndGlobalSection
	GlobalSection(SolutionProperties) = preSolution
		HideSolutionNode = FALSE
	EndGlobalSection
EndGlobal
