
Microsoft Visual Studio Solution File, Format Version 12.00
# Visual Studio 2013
VisualStudioVersion = 12.0.30501.0
MinimumVisualStudioVersion = 10.0.40219.1
Project("{FAE04EC0-301F-11D3-BF4B-00C04F79EFBC}") = "01.SquareRoot", "01.SquareRoot\01.SquareRoot.csproj", "{B422367C-79DC-4A51-87DF-839FABD16F40}"
EndProject
Project("{FAE04EC0-301F-11D3-BF4B-00C04F79EFBC}") = "02.EnterNumbers", "02.EnterNumbers\02.EnterNumbers.csproj", "{713C730B-DC6D-4626-B3D7-6537AADCA392}"
EndProject
Global
	GlobalSection(SolutionConfigurationPlatforms) = preSolution
		Debug|Any CPU = Debug|Any CPU
		Release|Any CPU = Release|Any CPU
	EndGlobalSection
	GlobalSection(ProjectConfigurationPlatforms) = postSolution
		{B422367C-79DC-4A51-87DF-839FABD16F40}.Debug|Any CPU.ActiveCfg = Debug|Any CPU
		{B422367C-79DC-4A51-87DF-839FABD16F40}.Debug|Any CPU.Build.0 = Debug|Any CPU
		{B422367C-79DC-4A51-87DF-839FABD16F40}.Release|Any CPU.ActiveCfg = Release|Any CPU
		{B422367C-79DC-4A51-87DF-839FABD16F40}.Release|Any CPU.Build.0 = Release|Any CPU
		{713C730B-DC6D-4626-B3D7-6537AADCA392}.Debug|Any CPU.ActiveCfg = Debug|Any CPU
		{713C730B-DC6D-4626-B3D7-6537AADCA392}.Debug|Any CPU.Build.0 = Debug|Any CPU
		{713C730B-DC6D-4626-B3D7-6537AADCA392}.Release|Any CPU.ActiveCfg = Release|Any CPU
		{713C730B-DC6D-4626-B3D7-6537AADCA392}.Release|Any CPU.Build.0 = Release|Any CPU
	EndGlobalSection
	GlobalSection(SolutionProperties) = preSolution
		HideSolutionNode = FALSE
	EndGlobalSection
EndGlobal
