
Microsoft Visual Studio Solution File, Format Version 12.00
# Visual Studio 14
VisualStudioVersion = 14.0.22823.1
MinimumVisualStudioVersion = 10.0.40219.1
Project("{2150E333-8FDC-42A3-9474-1A3956D46DE8}") = "01.Datastructures-Algorithms-and-Complexity", "01.Datastructures-Algorithms-and-Complexity", "{6A60A435-1B72-4A15-B225-5334545D933C}"
EndProject
Project("{2150E333-8FDC-42A3-9474-1A3956D46DE8}") = "02.LinearDataStructuresList", "02.LinearDataStructuresList", "{1184A0C2-4F16-468F-AF57-377F875ECACE}"
EndProject
Project("{FAE04EC0-301F-11D3-BF4B-00C04F79EFBC}") = "1.Data-Structures-Algorithms-and-Complexity", "01.Data-Structures-Algorithms-and-Complexity\1.Data-Structures-Algorithms-and-Complexity.csproj", "{FD5C83E7-20DA-46FB-B790-8C7CD8859876}"
EndProject
Project("{FAE04EC0-301F-11D3-BF4B-00C04F79EFBC}") = "Problem2.SortWords", "02.LinearDataStructuresList\Problem2.SortWords\Problem2.SortWords.csproj", "{7E929D44-9267-488B-AAE3-2E556CF4B68F}"
EndProject
Project("{FAE04EC0-301F-11D3-BF4B-00C04F79EFBC}") = "Problem3.LongestSubsequence", "02.LinearDataStructuresList\Problem3.LongestSubsequence\Problem3.LongestSubsequence.csproj", "{F0078885-A9E0-4598-B7D3-69E41A13868B}"
EndProject
Project("{FAE04EC0-301F-11D3-BF4B-00C04F79EFBC}") = "Problem4.RemoveOddOccurences", "02.LinearDataStructuresList\Problem4.RemoveOddOccurences\Problem4.RemoveOddOccurences.csproj", "{E317ECAE-69D0-4126-AF5B-3DEECF0057CB}"
EndProject
Project("{FAE04EC0-301F-11D3-BF4B-00C04F79EFBC}") = "Problem5.CountofOccurences", "02.LinearDataStructuresList\Problem5.CountofOccurences\Problem5.CountofOccurences.csproj", "{D20F7482-B0A7-400B-A77A-4EBD6CF558AA}"
EndProject
Project("{FAE04EC0-301F-11D3-BF4B-00C04F79EFBC}") = "Problem6.ImplementtheDataStructureReversedList", "02.LinearDataStructuresList\Problem6.ImplementtheDataStructureReversedList\Problem6.ImplementtheDataStructureReversedList.csproj", "{036601A1-A9B8-420B-98C6-FC7D8594C6F0}"
EndProject
Project("{FAE04EC0-301F-11D3-BF4B-00C04F79EFBC}") = "Problem7.ImplementaLinkedList", "02.LinearDataStructuresList\Problem7.ImplementaLinkedList\Problem7.ImplementaLinkedList.csproj", "{7A443EF9-1479-4AED-980A-B53D416CA24C}"
EndProject
Project("{FAE04EC0-301F-11D3-BF4B-00C04F79EFBC}") = "Problem8.DistanceinLabyrinth", "02.LinearDataStructuresList\Problem8.DistanceinLabyrinth\Problem8.DistanceinLabyrinth.csproj", "{BD1DAA97-6617-466A-95E4-74981F463614}"
EndProject
Project("{FAE04EC0-301F-11D3-BF4B-00C04F79EFBC}") = "Problem1.SumandAverage", "02.LinearDataStructuresList\Problem1.SumandAverage\Problem1.SumandAverage.csproj", "{FC4659E5-37BC-4501-AC01-233D45A97448}"
EndProject
Project("{FAE04EC0-301F-11D3-BF4B-00C04F79EFBC}") = "UnitTests", "02.LinearDataStructuresList\UnitTests\UnitTests\UnitTests.csproj", "{853AFC30-243C-42AD-85EB-3D4C40A17A1B}"
EndProject
Global
	GlobalSection(SolutionConfigurationPlatforms) = preSolution
		Debug|Any CPU = Debug|Any CPU
		Debug|ARM = Debug|ARM
		Debug|x64 = Debug|x64
		Debug|x86 = Debug|x86
		Release|Any CPU = Release|Any CPU
		Release|ARM = Release|ARM
		Release|x64 = Release|x64
		Release|x86 = Release|x86
	EndGlobalSection
	GlobalSection(ProjectConfigurationPlatforms) = postSolution
		{FD5C83E7-20DA-46FB-B790-8C7CD8859876}.Debug|Any CPU.ActiveCfg = Debug|Any CPU
		{FD5C83E7-20DA-46FB-B790-8C7CD8859876}.Debug|Any CPU.Build.0 = Debug|Any CPU
		{FD5C83E7-20DA-46FB-B790-8C7CD8859876}.Debug|ARM.ActiveCfg = Debug|Any CPU
		{FD5C83E7-20DA-46FB-B790-8C7CD8859876}.Debug|ARM.Build.0 = Debug|Any CPU
		{FD5C83E7-20DA-46FB-B790-8C7CD8859876}.Debug|x64.ActiveCfg = Debug|Any CPU
		{FD5C83E7-20DA-46FB-B790-8C7CD8859876}.Debug|x64.Build.0 = Debug|Any CPU
		{FD5C83E7-20DA-46FB-B790-8C7CD8859876}.Debug|x86.ActiveCfg = Debug|Any CPU
		{FD5C83E7-20DA-46FB-B790-8C7CD8859876}.Debug|x86.Build.0 = Debug|Any CPU
		{FD5C83E7-20DA-46FB-B790-8C7CD8859876}.Release|Any CPU.ActiveCfg = Release|Any CPU
		{FD5C83E7-20DA-46FB-B790-8C7CD8859876}.Release|Any CPU.Build.0 = Release|Any CPU
		{FD5C83E7-20DA-46FB-B790-8C7CD8859876}.Release|ARM.ActiveCfg = Release|Any CPU
		{FD5C83E7-20DA-46FB-B790-8C7CD8859876}.Release|ARM.Build.0 = Release|Any CPU
		{FD5C83E7-20DA-46FB-B790-8C7CD8859876}.Release|x64.ActiveCfg = Release|Any CPU
		{FD5C83E7-20DA-46FB-B790-8C7CD8859876}.Release|x64.Build.0 = Release|Any CPU
		{FD5C83E7-20DA-46FB-B790-8C7CD8859876}.Release|x86.ActiveCfg = Release|Any CPU
		{FD5C83E7-20DA-46FB-B790-8C7CD8859876}.Release|x86.Build.0 = Release|Any CPU
		{7E929D44-9267-488B-AAE3-2E556CF4B68F}.Debug|Any CPU.ActiveCfg = Debug|Any CPU
		{7E929D44-9267-488B-AAE3-2E556CF4B68F}.Debug|Any CPU.Build.0 = Debug|Any CPU
		{7E929D44-9267-488B-AAE3-2E556CF4B68F}.Debug|ARM.ActiveCfg = Debug|Any CPU
		{7E929D44-9267-488B-AAE3-2E556CF4B68F}.Debug|ARM.Build.0 = Debug|Any CPU
		{7E929D44-9267-488B-AAE3-2E556CF4B68F}.Debug|x64.ActiveCfg = Debug|Any CPU
		{7E929D44-9267-488B-AAE3-2E556CF4B68F}.Debug|x64.Build.0 = Debug|Any CPU
		{7E929D44-9267-488B-AAE3-2E556CF4B68F}.Debug|x86.ActiveCfg = Debug|Any CPU
		{7E929D44-9267-488B-AAE3-2E556CF4B68F}.Debug|x86.Build.0 = Debug|Any CPU
		{7E929D44-9267-488B-AAE3-2E556CF4B68F}.Release|Any CPU.ActiveCfg = Release|Any CPU
		{7E929D44-9267-488B-AAE3-2E556CF4B68F}.Release|Any CPU.Build.0 = Release|Any CPU
		{7E929D44-9267-488B-AAE3-2E556CF4B68F}.Release|ARM.ActiveCfg = Release|Any CPU
		{7E929D44-9267-488B-AAE3-2E556CF4B68F}.Release|ARM.Build.0 = Release|Any CPU
		{7E929D44-9267-488B-AAE3-2E556CF4B68F}.Release|x64.ActiveCfg = Release|Any CPU
		{7E929D44-9267-488B-AAE3-2E556CF4B68F}.Release|x64.Build.0 = Release|Any CPU
		{7E929D44-9267-488B-AAE3-2E556CF4B68F}.Release|x86.ActiveCfg = Release|Any CPU
		{7E929D44-9267-488B-AAE3-2E556CF4B68F}.Release|x86.Build.0 = Release|Any CPU
		{F0078885-A9E0-4598-B7D3-69E41A13868B}.Debug|Any CPU.ActiveCfg = Debug|Any CPU
		{F0078885-A9E0-4598-B7D3-69E41A13868B}.Debug|Any CPU.Build.0 = Debug|Any CPU
		{F0078885-A9E0-4598-B7D3-69E41A13868B}.Debug|ARM.ActiveCfg = Debug|Any CPU
		{F0078885-A9E0-4598-B7D3-69E41A13868B}.Debug|ARM.Build.0 = Debug|Any CPU
		{F0078885-A9E0-4598-B7D3-69E41A13868B}.Debug|x64.ActiveCfg = Debug|Any CPU
		{F0078885-A9E0-4598-B7D3-69E41A13868B}.Debug|x64.Build.0 = Debug|Any CPU
		{F0078885-A9E0-4598-B7D3-69E41A13868B}.Debug|x86.ActiveCfg = Debug|Any CPU
		{F0078885-A9E0-4598-B7D3-69E41A13868B}.Debug|x86.Build.0 = Debug|Any CPU
		{F0078885-A9E0-4598-B7D3-69E41A13868B}.Release|Any CPU.ActiveCfg = Release|Any CPU
		{F0078885-A9E0-4598-B7D3-69E41A13868B}.Release|Any CPU.Build.0 = Release|Any CPU
		{F0078885-A9E0-4598-B7D3-69E41A13868B}.Release|ARM.ActiveCfg = Release|Any CPU
		{F0078885-A9E0-4598-B7D3-69E41A13868B}.Release|ARM.Build.0 = Release|Any CPU
		{F0078885-A9E0-4598-B7D3-69E41A13868B}.Release|x64.ActiveCfg = Release|Any CPU
		{F0078885-A9E0-4598-B7D3-69E41A13868B}.Release|x64.Build.0 = Release|Any CPU
		{F0078885-A9E0-4598-B7D3-69E41A13868B}.Release|x86.ActiveCfg = Release|Any CPU
		{F0078885-A9E0-4598-B7D3-69E41A13868B}.Release|x86.Build.0 = Release|Any CPU
		{E317ECAE-69D0-4126-AF5B-3DEECF0057CB}.Debug|Any CPU.ActiveCfg = Debug|Any CPU
		{E317ECAE-69D0-4126-AF5B-3DEECF0057CB}.Debug|Any CPU.Build.0 = Debug|Any CPU
		{E317ECAE-69D0-4126-AF5B-3DEECF0057CB}.Debug|ARM.ActiveCfg = Debug|Any CPU
		{E317ECAE-69D0-4126-AF5B-3DEECF0057CB}.Debug|ARM.Build.0 = Debug|Any CPU
		{E317ECAE-69D0-4126-AF5B-3DEECF0057CB}.Debug|x64.ActiveCfg = Debug|Any CPU
		{E317ECAE-69D0-4126-AF5B-3DEECF0057CB}.Debug|x64.Build.0 = Debug|Any CPU
		{E317ECAE-69D0-4126-AF5B-3DEECF0057CB}.Debug|x86.ActiveCfg = Debug|Any CPU
		{E317ECAE-69D0-4126-AF5B-3DEECF0057CB}.Debug|x86.Build.0 = Debug|Any CPU
		{E317ECAE-69D0-4126-AF5B-3DEECF0057CB}.Release|Any CPU.ActiveCfg = Release|Any CPU
		{E317ECAE-69D0-4126-AF5B-3DEECF0057CB}.Release|Any CPU.Build.0 = Release|Any CPU
		{E317ECAE-69D0-4126-AF5B-3DEECF0057CB}.Release|ARM.ActiveCfg = Release|Any CPU
		{E317ECAE-69D0-4126-AF5B-3DEECF0057CB}.Release|ARM.Build.0 = Release|Any CPU
		{E317ECAE-69D0-4126-AF5B-3DEECF0057CB}.Release|x64.ActiveCfg = Release|Any CPU
		{E317ECAE-69D0-4126-AF5B-3DEECF0057CB}.Release|x64.Build.0 = Release|Any CPU
		{E317ECAE-69D0-4126-AF5B-3DEECF0057CB}.Release|x86.ActiveCfg = Release|Any CPU
		{E317ECAE-69D0-4126-AF5B-3DEECF0057CB}.Release|x86.Build.0 = Release|Any CPU
		{D20F7482-B0A7-400B-A77A-4EBD6CF558AA}.Debug|Any CPU.ActiveCfg = Debug|Any CPU
		{D20F7482-B0A7-400B-A77A-4EBD6CF558AA}.Debug|Any CPU.Build.0 = Debug|Any CPU
		{D20F7482-B0A7-400B-A77A-4EBD6CF558AA}.Debug|ARM.ActiveCfg = Debug|Any CPU
		{D20F7482-B0A7-400B-A77A-4EBD6CF558AA}.Debug|ARM.Build.0 = Debug|Any CPU
		{D20F7482-B0A7-400B-A77A-4EBD6CF558AA}.Debug|x64.ActiveCfg = Debug|Any CPU
		{D20F7482-B0A7-400B-A77A-4EBD6CF558AA}.Debug|x64.Build.0 = Debug|Any CPU
		{D20F7482-B0A7-400B-A77A-4EBD6CF558AA}.Debug|x86.ActiveCfg = Debug|Any CPU
		{D20F7482-B0A7-400B-A77A-4EBD6CF558AA}.Debug|x86.Build.0 = Debug|Any CPU
		{D20F7482-B0A7-400B-A77A-4EBD6CF558AA}.Release|Any CPU.ActiveCfg = Release|Any CPU
		{D20F7482-B0A7-400B-A77A-4EBD6CF558AA}.Release|Any CPU.Build.0 = Release|Any CPU
		{D20F7482-B0A7-400B-A77A-4EBD6CF558AA}.Release|ARM.ActiveCfg = Release|Any CPU
		{D20F7482-B0A7-400B-A77A-4EBD6CF558AA}.Release|ARM.Build.0 = Release|Any CPU
		{D20F7482-B0A7-400B-A77A-4EBD6CF558AA}.Release|x64.ActiveCfg = Release|Any CPU
		{D20F7482-B0A7-400B-A77A-4EBD6CF558AA}.Release|x64.Build.0 = Release|Any CPU
		{D20F7482-B0A7-400B-A77A-4EBD6CF558AA}.Release|x86.ActiveCfg = Release|Any CPU
		{D20F7482-B0A7-400B-A77A-4EBD6CF558AA}.Release|x86.Build.0 = Release|Any CPU
		{036601A1-A9B8-420B-98C6-FC7D8594C6F0}.Debug|Any CPU.ActiveCfg = Debug|Any CPU
		{036601A1-A9B8-420B-98C6-FC7D8594C6F0}.Debug|Any CPU.Build.0 = Debug|Any CPU
		{036601A1-A9B8-420B-98C6-FC7D8594C6F0}.Debug|ARM.ActiveCfg = Debug|Any CPU
		{036601A1-A9B8-420B-98C6-FC7D8594C6F0}.Debug|ARM.Build.0 = Debug|Any CPU
		{036601A1-A9B8-420B-98C6-FC7D8594C6F0}.Debug|x64.ActiveCfg = Debug|Any CPU
		{036601A1-A9B8-420B-98C6-FC7D8594C6F0}.Debug|x64.Build.0 = Debug|Any CPU
		{036601A1-A9B8-420B-98C6-FC7D8594C6F0}.Debug|x86.ActiveCfg = Debug|Any CPU
		{036601A1-A9B8-420B-98C6-FC7D8594C6F0}.Debug|x86.Build.0 = Debug|Any CPU
		{036601A1-A9B8-420B-98C6-FC7D8594C6F0}.Release|Any CPU.ActiveCfg = Release|Any CPU
		{036601A1-A9B8-420B-98C6-FC7D8594C6F0}.Release|Any CPU.Build.0 = Release|Any CPU
		{036601A1-A9B8-420B-98C6-FC7D8594C6F0}.Release|ARM.ActiveCfg = Release|Any CPU
		{036601A1-A9B8-420B-98C6-FC7D8594C6F0}.Release|ARM.Build.0 = Release|Any CPU
		{036601A1-A9B8-420B-98C6-FC7D8594C6F0}.Release|x64.ActiveCfg = Release|Any CPU
		{036601A1-A9B8-420B-98C6-FC7D8594C6F0}.Release|x64.Build.0 = Release|Any CPU
		{036601A1-A9B8-420B-98C6-FC7D8594C6F0}.Release|x86.ActiveCfg = Release|Any CPU
		{036601A1-A9B8-420B-98C6-FC7D8594C6F0}.Release|x86.Build.0 = Release|Any CPU
		{7A443EF9-1479-4AED-980A-B53D416CA24C}.Debug|Any CPU.ActiveCfg = Debug|Any CPU
		{7A443EF9-1479-4AED-980A-B53D416CA24C}.Debug|Any CPU.Build.0 = Debug|Any CPU
		{7A443EF9-1479-4AED-980A-B53D416CA24C}.Debug|ARM.ActiveCfg = Debug|Any CPU
		{7A443EF9-1479-4AED-980A-B53D416CA24C}.Debug|ARM.Build.0 = Debug|Any CPU
		{7A443EF9-1479-4AED-980A-B53D416CA24C}.Debug|x64.ActiveCfg = Debug|Any CPU
		{7A443EF9-1479-4AED-980A-B53D416CA24C}.Debug|x64.Build.0 = Debug|Any CPU
		{7A443EF9-1479-4AED-980A-B53D416CA24C}.Debug|x86.ActiveCfg = Debug|Any CPU
		{7A443EF9-1479-4AED-980A-B53D416CA24C}.Debug|x86.Build.0 = Debug|Any CPU
		{7A443EF9-1479-4AED-980A-B53D416CA24C}.Release|Any CPU.ActiveCfg = Release|Any CPU
		{7A443EF9-1479-4AED-980A-B53D416CA24C}.Release|Any CPU.Build.0 = Release|Any CPU
		{7A443EF9-1479-4AED-980A-B53D416CA24C}.Release|ARM.ActiveCfg = Release|Any CPU
		{7A443EF9-1479-4AED-980A-B53D416CA24C}.Release|ARM.Build.0 = Release|Any CPU
		{7A443EF9-1479-4AED-980A-B53D416CA24C}.Release|x64.ActiveCfg = Release|Any CPU
		{7A443EF9-1479-4AED-980A-B53D416CA24C}.Release|x64.Build.0 = Release|Any CPU
		{7A443EF9-1479-4AED-980A-B53D416CA24C}.Release|x86.ActiveCfg = Release|Any CPU
		{7A443EF9-1479-4AED-980A-B53D416CA24C}.Release|x86.Build.0 = Release|Any CPU
		{BD1DAA97-6617-466A-95E4-74981F463614}.Debug|Any CPU.ActiveCfg = Debug|Any CPU
		{BD1DAA97-6617-466A-95E4-74981F463614}.Debug|Any CPU.Build.0 = Debug|Any CPU
		{BD1DAA97-6617-466A-95E4-74981F463614}.Debug|ARM.ActiveCfg = Debug|Any CPU
		{BD1DAA97-6617-466A-95E4-74981F463614}.Debug|ARM.Build.0 = Debug|Any CPU
		{BD1DAA97-6617-466A-95E4-74981F463614}.Debug|x64.ActiveCfg = Debug|Any CPU
		{BD1DAA97-6617-466A-95E4-74981F463614}.Debug|x64.Build.0 = Debug|Any CPU
		{BD1DAA97-6617-466A-95E4-74981F463614}.Debug|x86.ActiveCfg = Debug|Any CPU
		{BD1DAA97-6617-466A-95E4-74981F463614}.Debug|x86.Build.0 = Debug|Any CPU
		{BD1DAA97-6617-466A-95E4-74981F463614}.Release|Any CPU.ActiveCfg = Release|Any CPU
		{BD1DAA97-6617-466A-95E4-74981F463614}.Release|Any CPU.Build.0 = Release|Any CPU
		{BD1DAA97-6617-466A-95E4-74981F463614}.Release|ARM.ActiveCfg = Release|Any CPU
		{BD1DAA97-6617-466A-95E4-74981F463614}.Release|ARM.Build.0 = Release|Any CPU
		{BD1DAA97-6617-466A-95E4-74981F463614}.Release|x64.ActiveCfg = Release|Any CPU
		{BD1DAA97-6617-466A-95E4-74981F463614}.Release|x64.Build.0 = Release|Any CPU
		{BD1DAA97-6617-466A-95E4-74981F463614}.Release|x86.ActiveCfg = Release|Any CPU
		{BD1DAA97-6617-466A-95E4-74981F463614}.Release|x86.Build.0 = Release|Any CPU
		{FC4659E5-37BC-4501-AC01-233D45A97448}.Debug|Any CPU.ActiveCfg = Debug|Any CPU
		{FC4659E5-37BC-4501-AC01-233D45A97448}.Debug|Any CPU.Build.0 = Debug|Any CPU
		{FC4659E5-37BC-4501-AC01-233D45A97448}.Debug|ARM.ActiveCfg = Debug|Any CPU
		{FC4659E5-37BC-4501-AC01-233D45A97448}.Debug|ARM.Build.0 = Debug|Any CPU
		{FC4659E5-37BC-4501-AC01-233D45A97448}.Debug|x64.ActiveCfg = Debug|Any CPU
		{FC4659E5-37BC-4501-AC01-233D45A97448}.Debug|x64.Build.0 = Debug|Any CPU
		{FC4659E5-37BC-4501-AC01-233D45A97448}.Debug|x86.ActiveCfg = Debug|Any CPU
		{FC4659E5-37BC-4501-AC01-233D45A97448}.Debug|x86.Build.0 = Debug|Any CPU
		{FC4659E5-37BC-4501-AC01-233D45A97448}.Release|Any CPU.ActiveCfg = Release|Any CPU
		{FC4659E5-37BC-4501-AC01-233D45A97448}.Release|Any CPU.Build.0 = Release|Any CPU
		{FC4659E5-37BC-4501-AC01-233D45A97448}.Release|ARM.ActiveCfg = Release|Any CPU
		{FC4659E5-37BC-4501-AC01-233D45A97448}.Release|ARM.Build.0 = Release|Any CPU
		{FC4659E5-37BC-4501-AC01-233D45A97448}.Release|x64.ActiveCfg = Release|Any CPU
		{FC4659E5-37BC-4501-AC01-233D45A97448}.Release|x64.Build.0 = Release|Any CPU
		{FC4659E5-37BC-4501-AC01-233D45A97448}.Release|x86.ActiveCfg = Release|Any CPU
		{FC4659E5-37BC-4501-AC01-233D45A97448}.Release|x86.Build.0 = Release|Any CPU
		{853AFC30-243C-42AD-85EB-3D4C40A17A1B}.Debug|Any CPU.ActiveCfg = Debug|Any CPU
		{853AFC30-243C-42AD-85EB-3D4C40A17A1B}.Debug|Any CPU.Build.0 = Debug|Any CPU
		{853AFC30-243C-42AD-85EB-3D4C40A17A1B}.Debug|ARM.ActiveCfg = Debug|Any CPU
		{853AFC30-243C-42AD-85EB-3D4C40A17A1B}.Debug|ARM.Build.0 = Debug|Any CPU
		{853AFC30-243C-42AD-85EB-3D4C40A17A1B}.Debug|x64.ActiveCfg = Debug|Any CPU
		{853AFC30-243C-42AD-85EB-3D4C40A17A1B}.Debug|x64.Build.0 = Debug|Any CPU
		{853AFC30-243C-42AD-85EB-3D4C40A17A1B}.Debug|x86.ActiveCfg = Debug|Any CPU
		{853AFC30-243C-42AD-85EB-3D4C40A17A1B}.Debug|x86.Build.0 = Debug|Any CPU
		{853AFC30-243C-42AD-85EB-3D4C40A17A1B}.Release|Any CPU.ActiveCfg = Release|Any CPU
		{853AFC30-243C-42AD-85EB-3D4C40A17A1B}.Release|Any CPU.Build.0 = Release|Any CPU
		{853AFC30-243C-42AD-85EB-3D4C40A17A1B}.Release|ARM.ActiveCfg = Release|Any CPU
		{853AFC30-243C-42AD-85EB-3D4C40A17A1B}.Release|ARM.Build.0 = Release|Any CPU
		{853AFC30-243C-42AD-85EB-3D4C40A17A1B}.Release|x64.ActiveCfg = Release|Any CPU
		{853AFC30-243C-42AD-85EB-3D4C40A17A1B}.Release|x64.Build.0 = Release|Any CPU
		{853AFC30-243C-42AD-85EB-3D4C40A17A1B}.Release|x86.ActiveCfg = Release|Any CPU
		{853AFC30-243C-42AD-85EB-3D4C40A17A1B}.Release|x86.Build.0 = Release|Any CPU
	EndGlobalSection
	GlobalSection(SolutionProperties) = preSolution
		HideSolutionNode = FALSE
	EndGlobalSection
	GlobalSection(NestedProjects) = preSolution
		{FD5C83E7-20DA-46FB-B790-8C7CD8859876} = {6A60A435-1B72-4A15-B225-5334545D933C}
		{7E929D44-9267-488B-AAE3-2E556CF4B68F} = {1184A0C2-4F16-468F-AF57-377F875ECACE}
		{F0078885-A9E0-4598-B7D3-69E41A13868B} = {1184A0C2-4F16-468F-AF57-377F875ECACE}
		{E317ECAE-69D0-4126-AF5B-3DEECF0057CB} = {1184A0C2-4F16-468F-AF57-377F875ECACE}
		{D20F7482-B0A7-400B-A77A-4EBD6CF558AA} = {1184A0C2-4F16-468F-AF57-377F875ECACE}
		{036601A1-A9B8-420B-98C6-FC7D8594C6F0} = {1184A0C2-4F16-468F-AF57-377F875ECACE}
		{7A443EF9-1479-4AED-980A-B53D416CA24C} = {1184A0C2-4F16-468F-AF57-377F875ECACE}
		{BD1DAA97-6617-466A-95E4-74981F463614} = {1184A0C2-4F16-468F-AF57-377F875ECACE}
		{FC4659E5-37BC-4501-AC01-233D45A97448} = {1184A0C2-4F16-468F-AF57-377F875ECACE}
		{853AFC30-243C-42AD-85EB-3D4C40A17A1B} = {1184A0C2-4F16-468F-AF57-377F875ECACE}
	EndGlobalSection
EndGlobal
