
Microsoft Visual Studio Solution File, Format Version 12.00
# Visual Studio 14
VisualStudioVersion = 14.0.22823.1
MinimumVisualStudioVersion = 10.0.40219.1
Project("{2150E333-8FDC-42A3-9474-1A3956D46DE8}") = "03.CodeFormating", "03.CodeFormating", "{6763D09A-D103-4F66-8B0D-1C46C6D3E642}"
EndProject
Project("{FAE04EC0-301F-11D3-BF4B-00C04F79EFBC}") = "01.ReformatCode", "03.Code-Formating\01.ReformatCode\01.ReformatCode.csproj", "{462BD2B3-3EBA-429C-8A40-0196C2661AD8}"
EndProject
Project("{FAE04EC0-301F-11D3-BF4B-00C04F79EFBC}") = "02.ReformatOwnCode", "03.Code-Formating\02.ReformatOwnCode\02.ReformatOwnCode.csproj", "{31673F5F-7307-4477-935F-C33E58116A7F}"
EndProject
Project("{2150E333-8FDC-42A3-9474-1A3956D46DE8}") = "04.CodeDocumentation", "04.CodeDocumentation", "{182F63C6-E1C2-474A-902A-F852B6DCA1F9}"
EndProject
Project("{2150E333-8FDC-42A3-9474-1A3956D46DE8}") = "02.NamingIdentifiers", "02.NamingIdentifiers", "{740CB11E-E966-4083-95E4-4DB9F5C2CC53}"
EndProject
Project("{FAE04EC0-301F-11D3-BF4B-00C04F79EFBC}") = "2. Orders", "02.NamingIdentifiers\Orders\2. Orders.csproj", "{32FFFB9D-C7B7-4D0B-9392-231F62595912}"
EndProject
Project("{FAE04EC0-301F-11D3-BF4B-00C04F79EFBC}") = "1. Calculations", "02.NamingIdentifiers\Calculations\1. Calculations.csproj", "{F93E5A43-0119-4961-B21C-BDF4A1FBE9AD}"
EndProject
Project("{FAE04EC0-301F-11D3-BF4B-00C04F79EFBC}") = "3. MineSweeper", "02.NamingIdentifiers\MineSweeper\3. MineSweeper.csproj", "{E2B7BED8-5433-40ED-9870-4E775782E5ED}"
EndProject
Project("{FAE04EC0-301F-11D3-BF4B-00C04F79EFBC}") = "01.StringExtensions", "04.CodeDocumentation\01.StringExtentions\01.StringExtensions.csproj", "{0F6783DB-1343-49A6-8EBE-5981F4DF2E60}"
EndProject
Project("{FAE04EC0-301F-11D3-BF4B-00C04F79EFBC}") = "02.InterfaceDocumentation", "04.CodeDocumentation\02.InterfaceDocumentation\02.InterfaceDocumentation.csproj", "{B005C0B3-5C89-45A7-9BE1-FAB966806F40}"
EndProject
Project("{2150E333-8FDC-42A3-9474-1A3956D46DE8}") = "07.HighQualityMethods", "07.HighQualityMethods", "{160B47D2-DC8D-4F5B-8837-4BE78C34ACC4}"
EndProject
Project("{2150E333-8FDC-42A3-9474-1A3956D46DE8}") = "08.HighQualityClasses", "08.HighQualityClasses", "{81A88B3D-0B3C-4AED-90A5-D50E65A379BE}"
EndProject
Project("{FAE04EC0-301F-11D3-BF4B-00C04F79EFBC}") = "Methods", "07.High-Quality-Methods\Methods.csproj", "{C041AAA8-7BA0-4385-A678-1D9003C1952D}"
EndProject
Project("{FAE04EC0-301F-11D3-BF4B-00C04F79EFBC}") = "Abstraction", "08.High-Quality-Classes\Abstraction\Abstraction.csproj", "{E2BD3DC8-7DD6-4349-BEAA-7A0BC38846DE}"
EndProject
Project("{FAE04EC0-301F-11D3-BF4B-00C04F79EFBC}") = "Cohesion-and-Coupling", "08.High-Quality-Classes\Cohesion-and-Coupling\Cohesion-and-Coupling.csproj", "{268AEC63-DABA-4607-8E60-997E09EB5F2C}"
EndProject
Project("{FAE04EC0-301F-11D3-BF4B-00C04F79EFBC}") = "Inheritance-and-Polymorphism", "08.High-Quality-Classes\Inheritance-and-Polymorphism\Inheritance-and-Polymorphism.csproj", "{CC40B053-CC90-4956-8591-01AC016C3188}"
EndProject
Global
	GlobalSection(SolutionConfigurationPlatforms) = preSolution
		Debug|Any CPU = Debug|Any CPU
		Release|Any CPU = Release|Any CPU
	EndGlobalSection
	GlobalSection(ProjectConfigurationPlatforms) = postSolution
		{462BD2B3-3EBA-429C-8A40-0196C2661AD8}.Debug|Any CPU.ActiveCfg = Debug|Any CPU
		{462BD2B3-3EBA-429C-8A40-0196C2661AD8}.Debug|Any CPU.Build.0 = Debug|Any CPU
		{462BD2B3-3EBA-429C-8A40-0196C2661AD8}.Release|Any CPU.ActiveCfg = Release|Any CPU
		{462BD2B3-3EBA-429C-8A40-0196C2661AD8}.Release|Any CPU.Build.0 = Release|Any CPU
		{31673F5F-7307-4477-935F-C33E58116A7F}.Debug|Any CPU.ActiveCfg = Debug|Any CPU
		{31673F5F-7307-4477-935F-C33E58116A7F}.Debug|Any CPU.Build.0 = Debug|Any CPU
		{31673F5F-7307-4477-935F-C33E58116A7F}.Release|Any CPU.ActiveCfg = Release|Any CPU
		{31673F5F-7307-4477-935F-C33E58116A7F}.Release|Any CPU.Build.0 = Release|Any CPU
		{32FFFB9D-C7B7-4D0B-9392-231F62595912}.Debug|Any CPU.ActiveCfg = Debug|Any CPU
		{32FFFB9D-C7B7-4D0B-9392-231F62595912}.Debug|Any CPU.Build.0 = Debug|Any CPU
		{32FFFB9D-C7B7-4D0B-9392-231F62595912}.Release|Any CPU.ActiveCfg = Release|Any CPU
		{32FFFB9D-C7B7-4D0B-9392-231F62595912}.Release|Any CPU.Build.0 = Release|Any CPU
		{F93E5A43-0119-4961-B21C-BDF4A1FBE9AD}.Debug|Any CPU.ActiveCfg = Debug|Any CPU
		{F93E5A43-0119-4961-B21C-BDF4A1FBE9AD}.Debug|Any CPU.Build.0 = Debug|Any CPU
		{F93E5A43-0119-4961-B21C-BDF4A1FBE9AD}.Release|Any CPU.ActiveCfg = Release|Any CPU
		{F93E5A43-0119-4961-B21C-BDF4A1FBE9AD}.Release|Any CPU.Build.0 = Release|Any CPU
		{E2B7BED8-5433-40ED-9870-4E775782E5ED}.Debug|Any CPU.ActiveCfg = Debug|Any CPU
		{E2B7BED8-5433-40ED-9870-4E775782E5ED}.Debug|Any CPU.Build.0 = Debug|Any CPU
		{E2B7BED8-5433-40ED-9870-4E775782E5ED}.Release|Any CPU.ActiveCfg = Release|Any CPU
		{E2B7BED8-5433-40ED-9870-4E775782E5ED}.Release|Any CPU.Build.0 = Release|Any CPU
		{0F6783DB-1343-49A6-8EBE-5981F4DF2E60}.Debug|Any CPU.ActiveCfg = Debug|Any CPU
		{0F6783DB-1343-49A6-8EBE-5981F4DF2E60}.Debug|Any CPU.Build.0 = Debug|Any CPU
		{0F6783DB-1343-49A6-8EBE-5981F4DF2E60}.Release|Any CPU.ActiveCfg = Release|Any CPU
		{0F6783DB-1343-49A6-8EBE-5981F4DF2E60}.Release|Any CPU.Build.0 = Release|Any CPU
		{B005C0B3-5C89-45A7-9BE1-FAB966806F40}.Debug|Any CPU.ActiveCfg = Debug|Any CPU
		{B005C0B3-5C89-45A7-9BE1-FAB966806F40}.Debug|Any CPU.Build.0 = Debug|Any CPU
		{B005C0B3-5C89-45A7-9BE1-FAB966806F40}.Release|Any CPU.ActiveCfg = Release|Any CPU
		{B005C0B3-5C89-45A7-9BE1-FAB966806F40}.Release|Any CPU.Build.0 = Release|Any CPU
		{C041AAA8-7BA0-4385-A678-1D9003C1952D}.Debug|Any CPU.ActiveCfg = Debug|Any CPU
		{C041AAA8-7BA0-4385-A678-1D9003C1952D}.Debug|Any CPU.Build.0 = Debug|Any CPU
		{C041AAA8-7BA0-4385-A678-1D9003C1952D}.Release|Any CPU.ActiveCfg = Release|Any CPU
		{C041AAA8-7BA0-4385-A678-1D9003C1952D}.Release|Any CPU.Build.0 = Release|Any CPU
		{E2BD3DC8-7DD6-4349-BEAA-7A0BC38846DE}.Debug|Any CPU.ActiveCfg = Debug|Any CPU
		{E2BD3DC8-7DD6-4349-BEAA-7A0BC38846DE}.Debug|Any CPU.Build.0 = Debug|Any CPU
		{E2BD3DC8-7DD6-4349-BEAA-7A0BC38846DE}.Release|Any CPU.ActiveCfg = Release|Any CPU
		{E2BD3DC8-7DD6-4349-BEAA-7A0BC38846DE}.Release|Any CPU.Build.0 = Release|Any CPU
		{268AEC63-DABA-4607-8E60-997E09EB5F2C}.Debug|Any CPU.ActiveCfg = Debug|Any CPU
		{268AEC63-DABA-4607-8E60-997E09EB5F2C}.Debug|Any CPU.Build.0 = Debug|Any CPU
		{268AEC63-DABA-4607-8E60-997E09EB5F2C}.Release|Any CPU.ActiveCfg = Release|Any CPU
		{268AEC63-DABA-4607-8E60-997E09EB5F2C}.Release|Any CPU.Build.0 = Release|Any CPU
		{CC40B053-CC90-4956-8591-01AC016C3188}.Debug|Any CPU.ActiveCfg = Debug|Any CPU
		{CC40B053-CC90-4956-8591-01AC016C3188}.Debug|Any CPU.Build.0 = Debug|Any CPU
		{CC40B053-CC90-4956-8591-01AC016C3188}.Release|Any CPU.ActiveCfg = Release|Any CPU
		{CC40B053-CC90-4956-8591-01AC016C3188}.Release|Any CPU.Build.0 = Release|Any CPU
	EndGlobalSection
	GlobalSection(SolutionProperties) = preSolution
		HideSolutionNode = FALSE
	EndGlobalSection
	GlobalSection(NestedProjects) = preSolution
		{462BD2B3-3EBA-429C-8A40-0196C2661AD8} = {6763D09A-D103-4F66-8B0D-1C46C6D3E642}
		{31673F5F-7307-4477-935F-C33E58116A7F} = {6763D09A-D103-4F66-8B0D-1C46C6D3E642}
		{32FFFB9D-C7B7-4D0B-9392-231F62595912} = {740CB11E-E966-4083-95E4-4DB9F5C2CC53}
		{F93E5A43-0119-4961-B21C-BDF4A1FBE9AD} = {740CB11E-E966-4083-95E4-4DB9F5C2CC53}
		{E2B7BED8-5433-40ED-9870-4E775782E5ED} = {740CB11E-E966-4083-95E4-4DB9F5C2CC53}
		{0F6783DB-1343-49A6-8EBE-5981F4DF2E60} = {182F63C6-E1C2-474A-902A-F852B6DCA1F9}
		{B005C0B3-5C89-45A7-9BE1-FAB966806F40} = {182F63C6-E1C2-474A-902A-F852B6DCA1F9}
		{C041AAA8-7BA0-4385-A678-1D9003C1952D} = {160B47D2-DC8D-4F5B-8837-4BE78C34ACC4}
		{E2BD3DC8-7DD6-4349-BEAA-7A0BC38846DE} = {81A88B3D-0B3C-4AED-90A5-D50E65A379BE}
		{268AEC63-DABA-4607-8E60-997E09EB5F2C} = {81A88B3D-0B3C-4AED-90A5-D50E65A379BE}
		{CC40B053-CC90-4956-8591-01AC016C3188} = {81A88B3D-0B3C-4AED-90A5-D50E65A379BE}
	EndGlobalSection
EndGlobal
