
Microsoft Visual Studio Solution File, Format Version 12.00
# Visual Studio 2013
VisualStudioVersion = 12.0.30501.0
MinimumVisualStudioVersion = 10.0.40219.1
Project("{FAE04EC0-301F-11D3-BF4B-00C04F79EFBC}") = "01-12Problems", "1-12\01-12Problems.csproj", "{52BD04A2-323C-47A1-80AC-FF017492BDBB}"
EndProject
Project("{FAE04EC0-301F-11D3-BF4B-00C04F79EFBC}") = "13.ExcelStudents", "13.ExcelStudents\13.ExcelStudents.csproj", "{C96F988E-1F75-419D-89E9-A0CE863A66A6}"
EndProject
Project("{FAE04EC0-301F-11D3-BF4B-00C04F79EFBC}") = "14.TextGravity", "14.TextGravity\14.TextGravity.csproj", "{8E41A846-B5B3-4E15-90F4-C6C82843BBFA}"
EndProject
Project("{FAE04EC0-301F-11D3-BF4B-00C04F79EFBC}") = "15.UpperCaseWords", "15.UpperCaseWords\15.UpperCaseWords.csproj", "{ABFC43DD-2310-4616-8810-7E285FC09937}"
EndProject
Project("{FAE04EC0-301F-11D3-BF4B-00C04F79EFBC}") = "16.LittleJohn", "16.LittleJohn\16.LittleJohn.csproj", "{B0A30118-0EB8-47DD-89D7-3C6B6AE379CE}"
EndProject
Global
	GlobalSection(SolutionConfigurationPlatforms) = preSolution
		Debug|Any CPU = Debug|Any CPU
		Release|Any CPU = Release|Any CPU
	EndGlobalSection
	GlobalSection(ProjectConfigurationPlatforms) = postSolution
		{52BD04A2-323C-47A1-80AC-FF017492BDBB}.Debug|Any CPU.ActiveCfg = Debug|Any CPU
		{52BD04A2-323C-47A1-80AC-FF017492BDBB}.Debug|Any CPU.Build.0 = Debug|Any CPU
		{52BD04A2-323C-47A1-80AC-FF017492BDBB}.Release|Any CPU.ActiveCfg = Release|Any CPU
		{52BD04A2-323C-47A1-80AC-FF017492BDBB}.Release|Any CPU.Build.0 = Release|Any CPU
		{C96F988E-1F75-419D-89E9-A0CE863A66A6}.Debug|Any CPU.ActiveCfg = Debug|Any CPU
		{C96F988E-1F75-419D-89E9-A0CE863A66A6}.Debug|Any CPU.Build.0 = Debug|Any CPU
		{C96F988E-1F75-419D-89E9-A0CE863A66A6}.Release|Any CPU.ActiveCfg = Release|Any CPU
		{C96F988E-1F75-419D-89E9-A0CE863A66A6}.Release|Any CPU.Build.0 = Release|Any CPU
		{8E41A846-B5B3-4E15-90F4-C6C82843BBFA}.Debug|Any CPU.ActiveCfg = Debug|Any CPU
		{8E41A846-B5B3-4E15-90F4-C6C82843BBFA}.Debug|Any CPU.Build.0 = Debug|Any CPU
		{8E41A846-B5B3-4E15-90F4-C6C82843BBFA}.Release|Any CPU.ActiveCfg = Release|Any CPU
		{8E41A846-B5B3-4E15-90F4-C6C82843BBFA}.Release|Any CPU.Build.0 = Release|Any CPU
		{ABFC43DD-2310-4616-8810-7E285FC09937}.Debug|Any CPU.ActiveCfg = Debug|Any CPU
		{ABFC43DD-2310-4616-8810-7E285FC09937}.Debug|Any CPU.Build.0 = Debug|Any CPU
		{ABFC43DD-2310-4616-8810-7E285FC09937}.Release|Any CPU.ActiveCfg = Release|Any CPU
		{ABFC43DD-2310-4616-8810-7E285FC09937}.Release|Any CPU.Build.0 = Release|Any CPU
		{B0A30118-0EB8-47DD-89D7-3C6B6AE379CE}.Debug|Any CPU.ActiveCfg = Debug|Any CPU
		{B0A30118-0EB8-47DD-89D7-3C6B6AE379CE}.Debug|Any CPU.Build.0 = Debug|Any CPU
		{B0A30118-0EB8-47DD-89D7-3C6B6AE379CE}.Release|Any CPU.ActiveCfg = Release|Any CPU
		{B0A30118-0EB8-47DD-89D7-3C6B6AE379CE}.Release|Any CPU.Build.0 = Release|Any CPU
	EndGlobalSection
	GlobalSection(SolutionProperties) = preSolution
		HideSolutionNode = FALSE
	EndGlobalSection
EndGlobal
