
Microsoft Visual Studio Solution File, Format Version 12.00
# Visual Studio 2013
VisualStudioVersion = 12.0.30501.0
MinimumVisualStudioVersion = 10.0.40219.1
Project("{2150E333-8FDC-42A3-9474-1A3956D46DE8}") = "01.AdvCSharp-Arrays-Lists-Stacks-Queues", "01.AdvCSharp-Arrays-Lists-Stacks-Queues", "{F3D77429-C6B8-4623-B9D4-1722A823CBEF}"
EndProject
Project("{FAE04EC0-301F-11D3-BF4B-00C04F79EFBC}") = "01.SortArrayOfNumbers", "01.AdvCSharp-Arrays-Lists-Stacks-Queues\01.SortArrayOfNumbers\01.SortArrayOfNumbers.csproj", "{EF56B9BB-852E-4C64-A2C6-B0D318B24DE7}"
EndProject
Project("{FAE04EC0-301F-11D3-BF4B-00C04F79EFBC}") = "02.SortedArrayOfNumbersSelectiveSort", "01.AdvCSharp-Arrays-Lists-Stacks-Queues\02.SortedArrayOfNumbersSelectiveSort\02.SortedArrayOfNumbersSelectiveSort.csproj", "{A6AE4B6A-A89C-4C7E-A65C-8E228A9DF2D9}"
EndProject
Project("{FAE04EC0-301F-11D3-BF4B-00C04F79EFBC}") = "03.CategorizeNumbers", "01.AdvCSharp-Arrays-Lists-Stacks-Queues\03.CategorizeNumbers\03.CategorizeNumbers.csproj", "{F80D06E6-B343-45E7-9791-AABBBC659A80}"
EndProject
Project("{FAE04EC0-301F-11D3-BF4B-00C04F79EFBC}") = "04.SequenceOfEqualStrings", "01.AdvCSharp-Arrays-Lists-Stacks-Queues\04.SequenceOfEqualStrings\04.SequenceOfEqualStrings.csproj", "{08333467-30AB-4D21-8690-EB74C2E0B94E}"
EndProject
Project("{FAE04EC0-301F-11D3-BF4B-00C04F79EFBC}") = "05.LongestIncSeq", "01.AdvCSharp-Arrays-Lists-Stacks-Queues\05.LongestIncSeq\05.LongestIncSeq.csproj", "{9C7DA39E-45B9-4606-85E5-1CAE471907CA}"
EndProject
Project("{FAE04EC0-301F-11D3-BF4B-00C04F79EFBC}") = "06.SubsetSums", "01.AdvCSharp-Arrays-Lists-Stacks-Queues\06.SubsetSums\06.SubsetSums.csproj", "{977E3077-450B-4092-B8D2-F62CA959687B}"
EndProject
Project("{FAE04EC0-301F-11D3-BF4B-00C04F79EFBC}") = "07.SortedSubsetSums", "01.AdvCSharp-Arrays-Lists-Stacks-Queues\07.SortedSubsetSums\07.SortedSubsetSums.csproj", "{33DA1ABD-4AF6-4638-9566-6F3C53D0A3EB}"
EndProject
Project("{FAE04EC0-301F-11D3-BF4B-00C04F79EFBC}") = "08.LegoBlocks", "01.AdvCSharp-Arrays-Lists-Stacks-Queues\08.LegoBlocks\08.LegoBlocks.csproj", "{B3650823-59E4-4953-B695-B49746AF7AFD}"
EndProject
Project("{FAE04EC0-301F-11D3-BF4B-00C04F79EFBC}") = "09.StuckNumbers", "01.AdvCSharp-Arrays-Lists-Stacks-Queues\09.StuckNumbers\09.StuckNumbers.csproj", "{C93DC5BB-2A3D-4E39-9F64-20E86CFA0041}"
EndProject
Project("{FAE04EC0-301F-11D3-BF4B-00C04F79EFBC}") = "10.PythagoreanNumbers", "01.AdvCSharp-Arrays-Lists-Stacks-Queues\10.PythagoreanNumbers\10.PythagoreanNumbers.csproj", "{F4AAFE25-40C5-4104-9F4D-1E881E6EB597}"
EndProject
Project("{2150E333-8FDC-42A3-9474-1A3956D46DE8}") = "02.AdvCSharp-MultidimensionalArrays-Sets-Dictionaries", "02.AdvCSharp-MultidimensionalArrays-Sets-Dictionaries", "{25EF7E84-F8A0-42DF-ACC9-5DEB162E468B}"
EndProject
Project("{2150E333-8FDC-42A3-9474-1A3956D46DE8}") = "02.AdvCSharp-Methods", "02.AdvCSharp-Methods", "{DFB33B2F-85D7-4FEA-B80E-18B181ADB439}"
EndProject
Project("{FAE04EC0-301F-11D3-BF4B-00C04F79EFBC}") = "01.BiggerNumber", "02.AdvCSharp-Methods\01.BiggerNumber\01.BiggerNumber.csproj", "{5F595B39-F93F-4021-97B1-F59FE495F27A}"
EndProject
Project("{FAE04EC0-301F-11D3-BF4B-00C04F79EFBC}") = "02.LastDigitOfNumber", "02.AdvCSharp-Methods\02.LastDigitOfNumber\02.LastDigitOfNumber.csproj", "{C1994A30-59C9-49DC-91F5-6CFA2D72C173}"
EndProject
Project("{FAE04EC0-301F-11D3-BF4B-00C04F79EFBC}") = "03.LargerThanNeighbours", "02.AdvCSharp-Methods\03.LargerThanNeighbours\03.LargerThanNeighbours.csproj", "{15C0B90F-0B7C-4EF7-A918-84DC13BDA8D0}"
EndProject
Project("{FAE04EC0-301F-11D3-BF4B-00C04F79EFBC}") = "04.FirstLargerThanNeighbours", "02.AdvCSharp-Methods\04.FirstLargerThanNeighbours\04.FirstLargerThanNeighbours.csproj", "{A2D031C7-5E7F-423A-AAE7-AD2556D4FE70}"
EndProject
Project("{FAE04EC0-301F-11D3-BF4B-00C04F79EFBC}") = "05.ReverseNumber", "02.AdvCSharp-Methods\05.ReverseNumber\05.ReverseNumber.csproj", "{0BF6D658-87CF-4A01-8842-7DDB2E8C89EC}"
EndProject
Project("{FAE04EC0-301F-11D3-BF4B-00C04F79EFBC}") = "06.NumberCalculations", "02.AdvCSharp-Methods\06.NumberCalculations\06.NumberCalculations.csproj", "{DE142A6B-BDBC-4265-9C07-E4DCFE284BB3}"
EndProject
Project("{FAE04EC0-301F-11D3-BF4B-00C04F79EFBC}") = "07.GenericArraySort", "02.AdvCSharp-Methods\07.GenericArraySort\07.GenericArraySort.csproj", "{31006D2F-3EF9-45ED-8FDF-2D84B0D9CBFC}"
EndProject
Project("{FAE04EC0-301F-11D3-BF4B-00C04F79EFBC}") = "01.FillingMatrix", "02.AdvCSharp-MultidimensionalArrays-Sets-Dictionaries\01.FillingMatrix\01.FillingMatrix.csproj", "{621C037F-66D4-44F6-AE38-17932D0359D0}"
EndProject
Project("{FAE04EC0-301F-11D3-BF4B-00C04F79EFBC}") = "02.MaximalSum", "02.AdvCSharp-MultidimensionalArrays-Sets-Dictionaries\02.MaximalSum\02.MaximalSum.csproj", "{E9C52944-5882-4CAD-9475-65D3E9859F93}"
EndProject
Project("{FAE04EC0-301F-11D3-BF4B-00C04F79EFBC}") = "03.MatrixShuffling", "02.AdvCSharp-MultidimensionalArrays-Sets-Dictionaries\03.MatrixShuffling\03.MatrixShuffling.csproj", "{4C370EAC-D4CA-4860-AA45-D172F0197742}"
EndProject
Project("{FAE04EC0-301F-11D3-BF4B-00C04F79EFBC}") = "04.SequenceInMatrix", "02.AdvCSharp-MultidimensionalArrays-Sets-Dictionaries\04.SequenceInMatrix\04.SequenceInMatrix.csproj", "{3AF93A1F-E446-47E3-B60E-55A4B237F018}"
EndProject
Project("{FAE04EC0-301F-11D3-BF4B-00C04F79EFBC}") = "05.CountTheCoins", "02.AdvCSharp-MultidimensionalArrays-Sets-Dictionaries\05.CountTheCoins\05.CountTheCoins.csproj", "{03DCC6C9-132E-49B7-911B-8CBF45A09443}"
EndProject
Project("{FAE04EC0-301F-11D3-BF4B-00C04F79EFBC}") = "06.CountSymbols", "02.AdvCSharp-MultidimensionalArrays-Sets-Dictionaries\06.CountSymbols\06.CountSymbols.csproj", "{A780B8F9-091E-45E0-B0EE-95AC632837D7}"
EndProject
Project("{FAE04EC0-301F-11D3-BF4B-00C04F79EFBC}") = "07.PhoneBook", "02.AdvCSharp-MultidimensionalArrays-Sets-Dictionaries\07.PhoneBook\07.PhoneBook.csproj", "{E0E572A9-CAE4-4E4F-BCE2-C03D8A871295}"
EndProject
Project("{FAE04EC0-301F-11D3-BF4B-00C04F79EFBC}") = "08.NightLife", "02.AdvCSharp-MultidimensionalArrays-Sets-Dictionaries\08.NightLife\08.NightLife.csproj", "{1AB6CD49-A002-4FEE-8FD9-CB3EDEBD964B}"
EndProject
Project("{FAE04EC0-301F-11D3-BF4B-00C04F79EFBC}") = "09.TerroristsWin", "02.AdvCSharp-MultidimensionalArrays-Sets-Dictionaries\09.TerroristsWin\09.TerroristsWin.csproj", "{1367B1D1-5557-401F-877F-0DEFA85FB549}"
EndProject
Project("{FAE04EC0-301F-11D3-BF4B-00C04F79EFBC}") = "10.Plus-Remove", "02.AdvCSharp-MultidimensionalArrays-Sets-Dictionaries\10.Plus-Remove\10.Plus-Remove.csproj", "{BE4B73EA-377A-448A-8152-DCA521FE0945}"
EndProject
Project("{FAE04EC0-301F-11D3-BF4B-00C04F79EFBC}") = "11.StringMatrixRotation", "02.AdvCSharp-MultidimensionalArrays-Sets-Dictionaries\11.StringMatrixRotation\11.StringMatrixRotation.csproj", "{41A3FB4F-A476-43A2-9F2C-78BE90F05BA8}"
EndProject
Project("{FAE04EC0-301F-11D3-BF4B-00C04F79EFBC}") = "12.ToTheStars", "02.AdvCSharp-MultidimensionalArrays-Sets-Dictionaries\12.ToTheStars\12.ToTheStars.csproj", "{A093A52A-DE1A-44B4-93D0-1A62C395252A}"
EndProject
Project("{FAE04EC0-301F-11D3-BF4B-00C04F79EFBC}") = "13.ActivityTracker", "02.AdvCSharp-MultidimensionalArrays-Sets-Dictionaries\13.ActivityTracker\13.ActivityTracker.csproj", "{6387777B-11D1-4518-8A55-995BDEB3613C}"
EndProject
Project("{2150E333-8FDC-42A3-9474-1A3956D46DE8}") = "04.AdvCsharp-RegularExpressions", "04.AdvCsharp-RegularExpressions", "{BBFAE10E-8723-4E0F-86DA-944782425520}"
EndProject
Project("{FAE04EC0-301F-11D3-BF4B-00C04F79EFBC}") = "04.SentenceExtractor", "04.AdvCsharp-RegularExpressions\04.SentenceExtractor\04.SentenceExtractor.csproj", "{EDE8AAA3-1241-483E-9E33-4189CCD105EC}"
EndProject
Project("{2150E333-8FDC-42A3-9474-1A3956D46DE8}") = "04.AdvCSharp-Strings-And-Text-Processing-Homework", "04.AdvCSharp-Strings-And-Text-Processing-Homework", "{55D20105-06DE-48CD-8B8E-BC6A0766902D}"
EndProject
Project("{FAE04EC0-301F-11D3-BF4B-00C04F79EFBC}") = "01.ReverseString", "04.AdvCSharp-Strings-And-Text-Processing-Homework\01.ReverseString\01.ReverseString.csproj", "{5FDD462D-A9D8-4594-B061-B327E1DCDC36}"
EndProject
Project("{FAE04EC0-301F-11D3-BF4B-00C04F79EFBC}") = "02.StringLength", "04.AdvCSharp-Strings-And-Text-Processing-Homework\02.StringLength\02.StringLength.csproj", "{CF0C1DA5-F817-4185-97E7-0D068E2DD7F2}"
EndProject
Project("{FAE04EC0-301F-11D3-BF4B-00C04F79EFBC}") = "03.SubstringCount", "04.AdvCSharp-Strings-And-Text-Processing-Homework\03.SubstringCount\03.SubstringCount.csproj", "{16AFB85A-8467-4EC0-9D37-A3B1823D1F0A}"
EndProject
Project("{FAE04EC0-301F-11D3-BF4B-00C04F79EFBC}") = "04.TextFilter", "04.AdvCSharp-Strings-And-Text-Processing-Homework\04.TextFilter\04.TextFilter.csproj", "{9E23403F-1092-4953-A7D0-3E6CFB3052EE}"
EndProject
Project("{FAE04EC0-301F-11D3-BF4B-00C04F79EFBC}") = "05.UnicodeCharacters", "04.AdvCSharp-Strings-And-Text-Processing-Homework\05.UnicodeCharacters\05.UnicodeCharacters.csproj", "{2DAFEBB1-9580-40E2-B4EA-5EF1BD8E5797}"
EndProject
Project("{FAE04EC0-301F-11D3-BF4B-00C04F79EFBC}") = "06.Palindromes", "04.AdvCSharp-Strings-And-Text-Processing-Homework\06.Palindromes\06.Palindromes.csproj", "{43A749AB-46BB-49EB-A7C8-3611EA4D3A2C}"
EndProject
Project("{FAE04EC0-301F-11D3-BF4B-00C04F79EFBC}") = "07.LettersChangeNumbers", "04.AdvCSharp-Strings-And-Text-Processing-Homework\07.LettersChangeNumbers\07.LettersChangeNumbers.csproj", "{0A292A6A-0696-472B-819F-E73409170394}"
EndProject
Project("{FAE04EC0-301F-11D3-BF4B-00C04F79EFBC}") = "01.SeriesOfLetters", "04.AdvCsharp-RegularExpressions\01.SeriesOfLetters\01.SeriesOfLetters.csproj", "{1EAFB6D4-A025-43EB-A322-7D7FFF509297}"
EndProject
Project("{FAE04EC0-301F-11D3-BF4B-00C04F79EFBC}") = "03.ExtractEmails", "04.AdvCsharp-RegularExpressions\03.ExtractEmails\03.ExtractEmails.csproj", "{E581372B-C913-4477-9947-247AF65CCF69}"
EndProject
Project("{FAE04EC0-301F-11D3-BF4B-00C04F79EFBC}") = "05.ValidUsernames", "04.AdvCsharp-RegularExpressions\05.ValidUsernames\05.ValidUsernames.csproj", "{08B69712-9E90-4451-B1F5-9E64252363DA}"
EndProject
Project("{FAE04EC0-301F-11D3-BF4B-00C04F79EFBC}") = "06.ExtractHyperlinks", "04.AdvCsharp-RegularExpressions\06.ExtractHyperlinks\06.ExtractHyperlinks.csproj", "{F19E0658-89AA-4411-ACA7-F42B6F49239D}"
EndProject
Project("{FAE04EC0-301F-11D3-BF4B-00C04F79EFBC}") = "07.QuerryMess", "04.AdvCsharp-RegularExpressions\07.QuerryMess\07.QuerryMess.csproj", "{71DAD370-E71C-4D1A-96CF-AA412F7F2574}"
EndProject
Project("{FAE04EC0-301F-11D3-BF4B-00C04F79EFBC}") = "08.UseYourChainsBuddy", "04.AdvCsharp-RegularExpressions\08.UseYourChainsBuddy\08.UseYourChainsBuddy.csproj", "{5DDE06C9-DB20-459B-B5F3-3D675E23BEBD}"
EndProject
Project("{FAE04EC0-301F-11D3-BF4B-00C04F79EFBC}") = "09.SemanticHtml", "04.AdvCsharp-RegularExpressions\09.SemanticHtml\09.SemanticHtml.csproj", "{A74DE040-1219-4387-AE70-29F710798AEF}"
EndProject
Project("{FAE04EC0-301F-11D3-BF4B-00C04F79EFBC}") = "02.ReplaceATag", "04.AdvCsharp-RegularExpressions\02.ReplaceATag\02.ReplaceATag.csproj", "{559D1B10-2662-4CF1-A93C-E874747FC9E5}"
EndProject
Project("{2150E333-8FDC-42A3-9474-1A3956D46DE8}") = "06. AdvCSharp-Streams-And-Files", "06. AdvCSharp-Streams-And-Files", "{4E4D176D-1CAB-4057-970E-9D95A14E375D}"
EndProject
Project("{2150E333-8FDC-42A3-9474-1A3956D46DE8}") = "07.AdvCSharp-Functional-Programming", "07.AdvCSharp-Functional-Programming", "{CA3D92A2-523B-41DE-B986-C7911B5591AF}"
EndProject
Project("{FAE04EC0-301F-11D3-BF4B-00C04F79EFBC}") = "01-12Problems", "07.AdvCSharp-Functional-Programming\1-12\01-12Problems.csproj", "{52BD04A2-323C-47A1-80AC-FF017492BDBB}"
EndProject
Project("{FAE04EC0-301F-11D3-BF4B-00C04F79EFBC}") = "13.ExcelStudents", "07.AdvCSharp-Functional-Programming\13.ExcelStudents\13.ExcelStudents.csproj", "{C96F988E-1F75-419D-89E9-A0CE863A66A6}"
EndProject
Project("{FAE04EC0-301F-11D3-BF4B-00C04F79EFBC}") = "01.OddLines", "06.AdvCSharp-Streams-And-Files\01.OddLines\01.OddLines.csproj", "{26E30C46-22C6-493D-8B77-5595AE351883}"
EndProject
Project("{FAE04EC0-301F-11D3-BF4B-00C04F79EFBC}") = "02.LineNumbers", "06.AdvCSharp-Streams-And-Files\02.LineNumbers\02.LineNumbers.csproj", "{DBD21FDC-0EC7-4F74-A10D-45134B57B49C}"
EndProject
Project("{FAE04EC0-301F-11D3-BF4B-00C04F79EFBC}") = "03.WordCount", "06.AdvCSharp-Streams-And-Files\03.WordCount\03.WordCount.csproj", "{D5335D57-5D5B-4588-A7E4-1C77397AAA75}"
EndProject
Project("{FAE04EC0-301F-11D3-BF4B-00C04F79EFBC}") = "04.CopyBinnaryFile", "06.AdvCSharp-Streams-And-Files\04.CopyBinnaryFile\04.CopyBinnaryFile.csproj", "{B0BD8990-1FE7-4EB3-8840-008977795F8C}"
EndProject
Project("{FAE04EC0-301F-11D3-BF4B-00C04F79EFBC}") = "05.SliceFile", "06.AdvCSharp-Streams-And-Files\05.SliceFile\05.SliceFile.csproj", "{4ADFF1B0-8C40-4E45-9E0C-BBA0861FFC5E}"
EndProject
Project("{FAE04EC0-301F-11D3-BF4B-00C04F79EFBC}") = "06.ZippingSlicedFiles", "06.AdvCSharp-Streams-And-Files\06.ZippingSlicedFiles\06.ZippingSlicedFiles.csproj", "{3914D317-2688-46F4-A5C1-40579EB8F1CB}"
EndProject
Project("{FAE04EC0-301F-11D3-BF4B-00C04F79EFBC}") = "07.DirectoryTraversal", "06.AdvCSharp-Streams-And-Files\07.DirectoryTraversal\07.DirectoryTraversal.csproj", "{219D803F-82B6-4E8F-8ACE-BB929AED814E}"
EndProject
Project("{FAE04EC0-301F-11D3-BF4B-00C04F79EFBC}") = "08.DirectoryFullTraversal", "06.AdvCSharp-Streams-And-Files\08.DirectoryFullTraversal\08.DirectoryFullTraversal.csproj", "{02CDD324-D0C4-4F07-A954-4784B2E30C60}"
EndProject
Project("{FAE04EC0-301F-11D3-BF4B-00C04F79EFBC}") = "10.PaintBall", "06.AdvCSharp-Streams-And-Files\10.PaintBall\10.PaintBall.csproj", "{AFB7A30F-DC74-4FE5-8CB9-6E83731E19D8}"
EndProject
Project("{FAE04EC0-301F-11D3-BF4B-00C04F79EFBC}") = "11.CoupleFrequance", "06.AdvCSharp-Streams-And-Files\11.CoupleFrequance\11.CoupleFrequance.csproj", "{FAA03F46-E7D2-4D9B-AF39-690FD01B33B3}"
EndProject
Project("{FAE04EC0-301F-11D3-BF4B-00C04F79EFBC}") = "09.Disk", "06.AdvCSharp-Streams-And-Files\09.Disk\09.Disk.csproj", "{DB0A2337-6314-492E-B595-5B264EF2467B}"
EndProject
Project("{FAE04EC0-301F-11D3-BF4B-00C04F79EFBC}") = "12.LabyrinthDash", "06.AdvCSharp-Streams-And-Files\12.LabyrinthDash\12.LabyrinthDash.csproj", "{4FAC0E19-4E76-4FFD-B674-32E847254A8F}"
EndProject
Global
	GlobalSection(SolutionConfigurationPlatforms) = preSolution
		Debug|Any CPU = Debug|Any CPU
		Release|Any CPU = Release|Any CPU
	EndGlobalSection
	GlobalSection(ProjectConfigurationPlatforms) = postSolution
		{EF56B9BB-852E-4C64-A2C6-B0D318B24DE7}.Debug|Any CPU.ActiveCfg = Debug|Any CPU
		{EF56B9BB-852E-4C64-A2C6-B0D318B24DE7}.Debug|Any CPU.Build.0 = Debug|Any CPU
		{EF56B9BB-852E-4C64-A2C6-B0D318B24DE7}.Release|Any CPU.ActiveCfg = Release|Any CPU
		{EF56B9BB-852E-4C64-A2C6-B0D318B24DE7}.Release|Any CPU.Build.0 = Release|Any CPU
		{A6AE4B6A-A89C-4C7E-A65C-8E228A9DF2D9}.Debug|Any CPU.ActiveCfg = Debug|Any CPU
		{A6AE4B6A-A89C-4C7E-A65C-8E228A9DF2D9}.Debug|Any CPU.Build.0 = Debug|Any CPU
		{A6AE4B6A-A89C-4C7E-A65C-8E228A9DF2D9}.Release|Any CPU.ActiveCfg = Release|Any CPU
		{A6AE4B6A-A89C-4C7E-A65C-8E228A9DF2D9}.Release|Any CPU.Build.0 = Release|Any CPU
		{F80D06E6-B343-45E7-9791-AABBBC659A80}.Debug|Any CPU.ActiveCfg = Debug|Any CPU
		{F80D06E6-B343-45E7-9791-AABBBC659A80}.Debug|Any CPU.Build.0 = Debug|Any CPU
		{F80D06E6-B343-45E7-9791-AABBBC659A80}.Release|Any CPU.ActiveCfg = Release|Any CPU
		{F80D06E6-B343-45E7-9791-AABBBC659A80}.Release|Any CPU.Build.0 = Release|Any CPU
		{08333467-30AB-4D21-8690-EB74C2E0B94E}.Debug|Any CPU.ActiveCfg = Debug|Any CPU
		{08333467-30AB-4D21-8690-EB74C2E0B94E}.Debug|Any CPU.Build.0 = Debug|Any CPU
		{08333467-30AB-4D21-8690-EB74C2E0B94E}.Release|Any CPU.ActiveCfg = Release|Any CPU
		{08333467-30AB-4D21-8690-EB74C2E0B94E}.Release|Any CPU.Build.0 = Release|Any CPU
		{9C7DA39E-45B9-4606-85E5-1CAE471907CA}.Debug|Any CPU.ActiveCfg = Debug|Any CPU
		{9C7DA39E-45B9-4606-85E5-1CAE471907CA}.Debug|Any CPU.Build.0 = Debug|Any CPU
		{9C7DA39E-45B9-4606-85E5-1CAE471907CA}.Release|Any CPU.ActiveCfg = Release|Any CPU
		{9C7DA39E-45B9-4606-85E5-1CAE471907CA}.Release|Any CPU.Build.0 = Release|Any CPU
		{977E3077-450B-4092-B8D2-F62CA959687B}.Debug|Any CPU.ActiveCfg = Debug|Any CPU
		{977E3077-450B-4092-B8D2-F62CA959687B}.Debug|Any CPU.Build.0 = Debug|Any CPU
		{977E3077-450B-4092-B8D2-F62CA959687B}.Release|Any CPU.ActiveCfg = Release|Any CPU
		{977E3077-450B-4092-B8D2-F62CA959687B}.Release|Any CPU.Build.0 = Release|Any CPU
		{33DA1ABD-4AF6-4638-9566-6F3C53D0A3EB}.Debug|Any CPU.ActiveCfg = Debug|Any CPU
		{33DA1ABD-4AF6-4638-9566-6F3C53D0A3EB}.Debug|Any CPU.Build.0 = Debug|Any CPU
		{33DA1ABD-4AF6-4638-9566-6F3C53D0A3EB}.Release|Any CPU.ActiveCfg = Release|Any CPU
		{33DA1ABD-4AF6-4638-9566-6F3C53D0A3EB}.Release|Any CPU.Build.0 = Release|Any CPU
		{B3650823-59E4-4953-B695-B49746AF7AFD}.Debug|Any CPU.ActiveCfg = Debug|Any CPU
		{B3650823-59E4-4953-B695-B49746AF7AFD}.Debug|Any CPU.Build.0 = Debug|Any CPU
		{B3650823-59E4-4953-B695-B49746AF7AFD}.Release|Any CPU.ActiveCfg = Release|Any CPU
		{B3650823-59E4-4953-B695-B49746AF7AFD}.Release|Any CPU.Build.0 = Release|Any CPU
		{C93DC5BB-2A3D-4E39-9F64-20E86CFA0041}.Debug|Any CPU.ActiveCfg = Debug|Any CPU
		{C93DC5BB-2A3D-4E39-9F64-20E86CFA0041}.Debug|Any CPU.Build.0 = Debug|Any CPU
		{C93DC5BB-2A3D-4E39-9F64-20E86CFA0041}.Release|Any CPU.ActiveCfg = Release|Any CPU
		{C93DC5BB-2A3D-4E39-9F64-20E86CFA0041}.Release|Any CPU.Build.0 = Release|Any CPU
		{F4AAFE25-40C5-4104-9F4D-1E881E6EB597}.Debug|Any CPU.ActiveCfg = Debug|Any CPU
		{F4AAFE25-40C5-4104-9F4D-1E881E6EB597}.Debug|Any CPU.Build.0 = Debug|Any CPU
		{F4AAFE25-40C5-4104-9F4D-1E881E6EB597}.Release|Any CPU.ActiveCfg = Release|Any CPU
		{F4AAFE25-40C5-4104-9F4D-1E881E6EB597}.Release|Any CPU.Build.0 = Release|Any CPU
		{5F595B39-F93F-4021-97B1-F59FE495F27A}.Debug|Any CPU.ActiveCfg = Debug|Any CPU
		{5F595B39-F93F-4021-97B1-F59FE495F27A}.Debug|Any CPU.Build.0 = Debug|Any CPU
		{5F595B39-F93F-4021-97B1-F59FE495F27A}.Release|Any CPU.ActiveCfg = Release|Any CPU
		{5F595B39-F93F-4021-97B1-F59FE495F27A}.Release|Any CPU.Build.0 = Release|Any CPU
		{C1994A30-59C9-49DC-91F5-6CFA2D72C173}.Debug|Any CPU.ActiveCfg = Debug|Any CPU
		{C1994A30-59C9-49DC-91F5-6CFA2D72C173}.Debug|Any CPU.Build.0 = Debug|Any CPU
		{C1994A30-59C9-49DC-91F5-6CFA2D72C173}.Release|Any CPU.ActiveCfg = Release|Any CPU
		{C1994A30-59C9-49DC-91F5-6CFA2D72C173}.Release|Any CPU.Build.0 = Release|Any CPU
		{15C0B90F-0B7C-4EF7-A918-84DC13BDA8D0}.Debug|Any CPU.ActiveCfg = Debug|Any CPU
		{15C0B90F-0B7C-4EF7-A918-84DC13BDA8D0}.Debug|Any CPU.Build.0 = Debug|Any CPU
		{15C0B90F-0B7C-4EF7-A918-84DC13BDA8D0}.Release|Any CPU.ActiveCfg = Release|Any CPU
		{15C0B90F-0B7C-4EF7-A918-84DC13BDA8D0}.Release|Any CPU.Build.0 = Release|Any CPU
		{A2D031C7-5E7F-423A-AAE7-AD2556D4FE70}.Debug|Any CPU.ActiveCfg = Debug|Any CPU
		{A2D031C7-5E7F-423A-AAE7-AD2556D4FE70}.Debug|Any CPU.Build.0 = Debug|Any CPU
		{A2D031C7-5E7F-423A-AAE7-AD2556D4FE70}.Release|Any CPU.ActiveCfg = Release|Any CPU
		{A2D031C7-5E7F-423A-AAE7-AD2556D4FE70}.Release|Any CPU.Build.0 = Release|Any CPU
		{0BF6D658-87CF-4A01-8842-7DDB2E8C89EC}.Debug|Any CPU.ActiveCfg = Debug|Any CPU
		{0BF6D658-87CF-4A01-8842-7DDB2E8C89EC}.Debug|Any CPU.Build.0 = Debug|Any CPU
		{0BF6D658-87CF-4A01-8842-7DDB2E8C89EC}.Release|Any CPU.ActiveCfg = Release|Any CPU
		{0BF6D658-87CF-4A01-8842-7DDB2E8C89EC}.Release|Any CPU.Build.0 = Release|Any CPU
		{DE142A6B-BDBC-4265-9C07-E4DCFE284BB3}.Debug|Any CPU.ActiveCfg = Debug|Any CPU
		{DE142A6B-BDBC-4265-9C07-E4DCFE284BB3}.Debug|Any CPU.Build.0 = Debug|Any CPU
		{DE142A6B-BDBC-4265-9C07-E4DCFE284BB3}.Release|Any CPU.ActiveCfg = Release|Any CPU
		{DE142A6B-BDBC-4265-9C07-E4DCFE284BB3}.Release|Any CPU.Build.0 = Release|Any CPU
		{31006D2F-3EF9-45ED-8FDF-2D84B0D9CBFC}.Debug|Any CPU.ActiveCfg = Debug|Any CPU
		{31006D2F-3EF9-45ED-8FDF-2D84B0D9CBFC}.Debug|Any CPU.Build.0 = Debug|Any CPU
		{31006D2F-3EF9-45ED-8FDF-2D84B0D9CBFC}.Release|Any CPU.ActiveCfg = Release|Any CPU
		{31006D2F-3EF9-45ED-8FDF-2D84B0D9CBFC}.Release|Any CPU.Build.0 = Release|Any CPU
		{621C037F-66D4-44F6-AE38-17932D0359D0}.Debug|Any CPU.ActiveCfg = Debug|Any CPU
		{621C037F-66D4-44F6-AE38-17932D0359D0}.Debug|Any CPU.Build.0 = Debug|Any CPU
		{621C037F-66D4-44F6-AE38-17932D0359D0}.Release|Any CPU.ActiveCfg = Release|Any CPU
		{621C037F-66D4-44F6-AE38-17932D0359D0}.Release|Any CPU.Build.0 = Release|Any CPU
		{E9C52944-5882-4CAD-9475-65D3E9859F93}.Debug|Any CPU.ActiveCfg = Debug|Any CPU
		{E9C52944-5882-4CAD-9475-65D3E9859F93}.Debug|Any CPU.Build.0 = Debug|Any CPU
		{E9C52944-5882-4CAD-9475-65D3E9859F93}.Release|Any CPU.ActiveCfg = Release|Any CPU
		{E9C52944-5882-4CAD-9475-65D3E9859F93}.Release|Any CPU.Build.0 = Release|Any CPU
		{4C370EAC-D4CA-4860-AA45-D172F0197742}.Debug|Any CPU.ActiveCfg = Debug|Any CPU
		{4C370EAC-D4CA-4860-AA45-D172F0197742}.Debug|Any CPU.Build.0 = Debug|Any CPU
		{4C370EAC-D4CA-4860-AA45-D172F0197742}.Release|Any CPU.ActiveCfg = Release|Any CPU
		{4C370EAC-D4CA-4860-AA45-D172F0197742}.Release|Any CPU.Build.0 = Release|Any CPU
		{3AF93A1F-E446-47E3-B60E-55A4B237F018}.Debug|Any CPU.ActiveCfg = Debug|Any CPU
		{3AF93A1F-E446-47E3-B60E-55A4B237F018}.Debug|Any CPU.Build.0 = Debug|Any CPU
		{3AF93A1F-E446-47E3-B60E-55A4B237F018}.Release|Any CPU.ActiveCfg = Release|Any CPU
		{3AF93A1F-E446-47E3-B60E-55A4B237F018}.Release|Any CPU.Build.0 = Release|Any CPU
		{03DCC6C9-132E-49B7-911B-8CBF45A09443}.Debug|Any CPU.ActiveCfg = Debug|Any CPU
		{03DCC6C9-132E-49B7-911B-8CBF45A09443}.Debug|Any CPU.Build.0 = Debug|Any CPU
		{03DCC6C9-132E-49B7-911B-8CBF45A09443}.Release|Any CPU.ActiveCfg = Release|Any CPU
		{03DCC6C9-132E-49B7-911B-8CBF45A09443}.Release|Any CPU.Build.0 = Release|Any CPU
		{A780B8F9-091E-45E0-B0EE-95AC632837D7}.Debug|Any CPU.ActiveCfg = Debug|Any CPU
		{A780B8F9-091E-45E0-B0EE-95AC632837D7}.Debug|Any CPU.Build.0 = Debug|Any CPU
		{A780B8F9-091E-45E0-B0EE-95AC632837D7}.Release|Any CPU.ActiveCfg = Release|Any CPU
		{A780B8F9-091E-45E0-B0EE-95AC632837D7}.Release|Any CPU.Build.0 = Release|Any CPU
		{E0E572A9-CAE4-4E4F-BCE2-C03D8A871295}.Debug|Any CPU.ActiveCfg = Debug|Any CPU
		{E0E572A9-CAE4-4E4F-BCE2-C03D8A871295}.Debug|Any CPU.Build.0 = Debug|Any CPU
		{E0E572A9-CAE4-4E4F-BCE2-C03D8A871295}.Release|Any CPU.ActiveCfg = Release|Any CPU
		{E0E572A9-CAE4-4E4F-BCE2-C03D8A871295}.Release|Any CPU.Build.0 = Release|Any CPU
		{1AB6CD49-A002-4FEE-8FD9-CB3EDEBD964B}.Debug|Any CPU.ActiveCfg = Debug|Any CPU
		{1AB6CD49-A002-4FEE-8FD9-CB3EDEBD964B}.Debug|Any CPU.Build.0 = Debug|Any CPU
		{1AB6CD49-A002-4FEE-8FD9-CB3EDEBD964B}.Release|Any CPU.ActiveCfg = Release|Any CPU
		{1AB6CD49-A002-4FEE-8FD9-CB3EDEBD964B}.Release|Any CPU.Build.0 = Release|Any CPU
		{1367B1D1-5557-401F-877F-0DEFA85FB549}.Debug|Any CPU.ActiveCfg = Debug|Any CPU
		{1367B1D1-5557-401F-877F-0DEFA85FB549}.Debug|Any CPU.Build.0 = Debug|Any CPU
		{1367B1D1-5557-401F-877F-0DEFA85FB549}.Release|Any CPU.ActiveCfg = Release|Any CPU
		{1367B1D1-5557-401F-877F-0DEFA85FB549}.Release|Any CPU.Build.0 = Release|Any CPU
		{BE4B73EA-377A-448A-8152-DCA521FE0945}.Debug|Any CPU.ActiveCfg = Debug|Any CPU
		{BE4B73EA-377A-448A-8152-DCA521FE0945}.Debug|Any CPU.Build.0 = Debug|Any CPU
		{BE4B73EA-377A-448A-8152-DCA521FE0945}.Release|Any CPU.ActiveCfg = Release|Any CPU
		{BE4B73EA-377A-448A-8152-DCA521FE0945}.Release|Any CPU.Build.0 = Release|Any CPU
		{41A3FB4F-A476-43A2-9F2C-78BE90F05BA8}.Debug|Any CPU.ActiveCfg = Debug|Any CPU
		{41A3FB4F-A476-43A2-9F2C-78BE90F05BA8}.Debug|Any CPU.Build.0 = Debug|Any CPU
		{41A3FB4F-A476-43A2-9F2C-78BE90F05BA8}.Release|Any CPU.ActiveCfg = Release|Any CPU
		{41A3FB4F-A476-43A2-9F2C-78BE90F05BA8}.Release|Any CPU.Build.0 = Release|Any CPU
		{A093A52A-DE1A-44B4-93D0-1A62C395252A}.Debug|Any CPU.ActiveCfg = Debug|Any CPU
		{A093A52A-DE1A-44B4-93D0-1A62C395252A}.Debug|Any CPU.Build.0 = Debug|Any CPU
		{A093A52A-DE1A-44B4-93D0-1A62C395252A}.Release|Any CPU.ActiveCfg = Release|Any CPU
		{A093A52A-DE1A-44B4-93D0-1A62C395252A}.Release|Any CPU.Build.0 = Release|Any CPU
		{6387777B-11D1-4518-8A55-995BDEB3613C}.Debug|Any CPU.ActiveCfg = Debug|Any CPU
		{6387777B-11D1-4518-8A55-995BDEB3613C}.Debug|Any CPU.Build.0 = Debug|Any CPU
		{6387777B-11D1-4518-8A55-995BDEB3613C}.Release|Any CPU.ActiveCfg = Release|Any CPU
		{6387777B-11D1-4518-8A55-995BDEB3613C}.Release|Any CPU.Build.0 = Release|Any CPU
		{EDE8AAA3-1241-483E-9E33-4189CCD105EC}.Debug|Any CPU.ActiveCfg = Debug|Any CPU
		{EDE8AAA3-1241-483E-9E33-4189CCD105EC}.Debug|Any CPU.Build.0 = Debug|Any CPU
		{EDE8AAA3-1241-483E-9E33-4189CCD105EC}.Release|Any CPU.ActiveCfg = Release|Any CPU
		{EDE8AAA3-1241-483E-9E33-4189CCD105EC}.Release|Any CPU.Build.0 = Release|Any CPU
		{5FDD462D-A9D8-4594-B061-B327E1DCDC36}.Debug|Any CPU.ActiveCfg = Debug|Any CPU
		{5FDD462D-A9D8-4594-B061-B327E1DCDC36}.Debug|Any CPU.Build.0 = Debug|Any CPU
		{5FDD462D-A9D8-4594-B061-B327E1DCDC36}.Release|Any CPU.ActiveCfg = Release|Any CPU
		{5FDD462D-A9D8-4594-B061-B327E1DCDC36}.Release|Any CPU.Build.0 = Release|Any CPU
		{CF0C1DA5-F817-4185-97E7-0D068E2DD7F2}.Debug|Any CPU.ActiveCfg = Debug|Any CPU
		{CF0C1DA5-F817-4185-97E7-0D068E2DD7F2}.Debug|Any CPU.Build.0 = Debug|Any CPU
		{CF0C1DA5-F817-4185-97E7-0D068E2DD7F2}.Release|Any CPU.ActiveCfg = Release|Any CPU
		{CF0C1DA5-F817-4185-97E7-0D068E2DD7F2}.Release|Any CPU.Build.0 = Release|Any CPU
		{16AFB85A-8467-4EC0-9D37-A3B1823D1F0A}.Debug|Any CPU.ActiveCfg = Debug|Any CPU
		{16AFB85A-8467-4EC0-9D37-A3B1823D1F0A}.Debug|Any CPU.Build.0 = Debug|Any CPU
		{16AFB85A-8467-4EC0-9D37-A3B1823D1F0A}.Release|Any CPU.ActiveCfg = Release|Any CPU
		{16AFB85A-8467-4EC0-9D37-A3B1823D1F0A}.Release|Any CPU.Build.0 = Release|Any CPU
		{9E23403F-1092-4953-A7D0-3E6CFB3052EE}.Debug|Any CPU.ActiveCfg = Debug|Any CPU
		{9E23403F-1092-4953-A7D0-3E6CFB3052EE}.Debug|Any CPU.Build.0 = Debug|Any CPU
		{9E23403F-1092-4953-A7D0-3E6CFB3052EE}.Release|Any CPU.ActiveCfg = Release|Any CPU
		{9E23403F-1092-4953-A7D0-3E6CFB3052EE}.Release|Any CPU.Build.0 = Release|Any CPU
		{2DAFEBB1-9580-40E2-B4EA-5EF1BD8E5797}.Debug|Any CPU.ActiveCfg = Debug|Any CPU
		{2DAFEBB1-9580-40E2-B4EA-5EF1BD8E5797}.Debug|Any CPU.Build.0 = Debug|Any CPU
		{2DAFEBB1-9580-40E2-B4EA-5EF1BD8E5797}.Release|Any CPU.ActiveCfg = Release|Any CPU
		{2DAFEBB1-9580-40E2-B4EA-5EF1BD8E5797}.Release|Any CPU.Build.0 = Release|Any CPU
		{43A749AB-46BB-49EB-A7C8-3611EA4D3A2C}.Debug|Any CPU.ActiveCfg = Debug|Any CPU
		{43A749AB-46BB-49EB-A7C8-3611EA4D3A2C}.Debug|Any CPU.Build.0 = Debug|Any CPU
		{43A749AB-46BB-49EB-A7C8-3611EA4D3A2C}.Release|Any CPU.ActiveCfg = Release|Any CPU
		{43A749AB-46BB-49EB-A7C8-3611EA4D3A2C}.Release|Any CPU.Build.0 = Release|Any CPU
		{0A292A6A-0696-472B-819F-E73409170394}.Debug|Any CPU.ActiveCfg = Debug|Any CPU
		{0A292A6A-0696-472B-819F-E73409170394}.Debug|Any CPU.Build.0 = Debug|Any CPU
		{0A292A6A-0696-472B-819F-E73409170394}.Release|Any CPU.ActiveCfg = Release|Any CPU
		{0A292A6A-0696-472B-819F-E73409170394}.Release|Any CPU.Build.0 = Release|Any CPU
		{1EAFB6D4-A025-43EB-A322-7D7FFF509297}.Debug|Any CPU.ActiveCfg = Debug|Any CPU
		{1EAFB6D4-A025-43EB-A322-7D7FFF509297}.Debug|Any CPU.Build.0 = Debug|Any CPU
		{1EAFB6D4-A025-43EB-A322-7D7FFF509297}.Release|Any CPU.ActiveCfg = Release|Any CPU
		{1EAFB6D4-A025-43EB-A322-7D7FFF509297}.Release|Any CPU.Build.0 = Release|Any CPU
		{E581372B-C913-4477-9947-247AF65CCF69}.Debug|Any CPU.ActiveCfg = Debug|Any CPU
		{E581372B-C913-4477-9947-247AF65CCF69}.Debug|Any CPU.Build.0 = Debug|Any CPU
		{E581372B-C913-4477-9947-247AF65CCF69}.Release|Any CPU.ActiveCfg = Release|Any CPU
		{E581372B-C913-4477-9947-247AF65CCF69}.Release|Any CPU.Build.0 = Release|Any CPU
		{08B69712-9E90-4451-B1F5-9E64252363DA}.Debug|Any CPU.ActiveCfg = Debug|Any CPU
		{08B69712-9E90-4451-B1F5-9E64252363DA}.Debug|Any CPU.Build.0 = Debug|Any CPU
		{08B69712-9E90-4451-B1F5-9E64252363DA}.Release|Any CPU.ActiveCfg = Release|Any CPU
		{08B69712-9E90-4451-B1F5-9E64252363DA}.Release|Any CPU.Build.0 = Release|Any CPU
		{F19E0658-89AA-4411-ACA7-F42B6F49239D}.Debug|Any CPU.ActiveCfg = Debug|Any CPU
		{F19E0658-89AA-4411-ACA7-F42B6F49239D}.Debug|Any CPU.Build.0 = Debug|Any CPU
		{F19E0658-89AA-4411-ACA7-F42B6F49239D}.Release|Any CPU.ActiveCfg = Release|Any CPU
		{F19E0658-89AA-4411-ACA7-F42B6F49239D}.Release|Any CPU.Build.0 = Release|Any CPU
		{71DAD370-E71C-4D1A-96CF-AA412F7F2574}.Debug|Any CPU.ActiveCfg = Debug|Any CPU
		{71DAD370-E71C-4D1A-96CF-AA412F7F2574}.Debug|Any CPU.Build.0 = Debug|Any CPU
		{71DAD370-E71C-4D1A-96CF-AA412F7F2574}.Release|Any CPU.ActiveCfg = Release|Any CPU
		{71DAD370-E71C-4D1A-96CF-AA412F7F2574}.Release|Any CPU.Build.0 = Release|Any CPU
		{5DDE06C9-DB20-459B-B5F3-3D675E23BEBD}.Debug|Any CPU.ActiveCfg = Debug|Any CPU
		{5DDE06C9-DB20-459B-B5F3-3D675E23BEBD}.Debug|Any CPU.Build.0 = Debug|Any CPU
		{5DDE06C9-DB20-459B-B5F3-3D675E23BEBD}.Release|Any CPU.ActiveCfg = Release|Any CPU
		{5DDE06C9-DB20-459B-B5F3-3D675E23BEBD}.Release|Any CPU.Build.0 = Release|Any CPU
		{A74DE040-1219-4387-AE70-29F710798AEF}.Debug|Any CPU.ActiveCfg = Debug|Any CPU
		{A74DE040-1219-4387-AE70-29F710798AEF}.Debug|Any CPU.Build.0 = Debug|Any CPU
		{A74DE040-1219-4387-AE70-29F710798AEF}.Release|Any CPU.ActiveCfg = Release|Any CPU
		{A74DE040-1219-4387-AE70-29F710798AEF}.Release|Any CPU.Build.0 = Release|Any CPU
		{559D1B10-2662-4CF1-A93C-E874747FC9E5}.Debug|Any CPU.ActiveCfg = Debug|Any CPU
		{559D1B10-2662-4CF1-A93C-E874747FC9E5}.Debug|Any CPU.Build.0 = Debug|Any CPU
		{559D1B10-2662-4CF1-A93C-E874747FC9E5}.Release|Any CPU.ActiveCfg = Release|Any CPU
		{559D1B10-2662-4CF1-A93C-E874747FC9E5}.Release|Any CPU.Build.0 = Release|Any CPU
		{52BD04A2-323C-47A1-80AC-FF017492BDBB}.Debug|Any CPU.ActiveCfg = Debug|Any CPU
		{52BD04A2-323C-47A1-80AC-FF017492BDBB}.Debug|Any CPU.Build.0 = Debug|Any CPU
		{52BD04A2-323C-47A1-80AC-FF017492BDBB}.Release|Any CPU.ActiveCfg = Release|Any CPU
		{52BD04A2-323C-47A1-80AC-FF017492BDBB}.Release|Any CPU.Build.0 = Release|Any CPU
		{C96F988E-1F75-419D-89E9-A0CE863A66A6}.Debug|Any CPU.ActiveCfg = Debug|Any CPU
		{C96F988E-1F75-419D-89E9-A0CE863A66A6}.Debug|Any CPU.Build.0 = Debug|Any CPU
		{C96F988E-1F75-419D-89E9-A0CE863A66A6}.Release|Any CPU.ActiveCfg = Release|Any CPU
		{C96F988E-1F75-419D-89E9-A0CE863A66A6}.Release|Any CPU.Build.0 = Release|Any CPU
		{26E30C46-22C6-493D-8B77-5595AE351883}.Debug|Any CPU.ActiveCfg = Debug|Any CPU
		{26E30C46-22C6-493D-8B77-5595AE351883}.Debug|Any CPU.Build.0 = Debug|Any CPU
		{26E30C46-22C6-493D-8B77-5595AE351883}.Release|Any CPU.ActiveCfg = Release|Any CPU
		{26E30C46-22C6-493D-8B77-5595AE351883}.Release|Any CPU.Build.0 = Release|Any CPU
		{DBD21FDC-0EC7-4F74-A10D-45134B57B49C}.Debug|Any CPU.ActiveCfg = Debug|Any CPU
		{DBD21FDC-0EC7-4F74-A10D-45134B57B49C}.Debug|Any CPU.Build.0 = Debug|Any CPU
		{DBD21FDC-0EC7-4F74-A10D-45134B57B49C}.Release|Any CPU.ActiveCfg = Release|Any CPU
		{DBD21FDC-0EC7-4F74-A10D-45134B57B49C}.Release|Any CPU.Build.0 = Release|Any CPU
		{D5335D57-5D5B-4588-A7E4-1C77397AAA75}.Debug|Any CPU.ActiveCfg = Debug|Any CPU
		{D5335D57-5D5B-4588-A7E4-1C77397AAA75}.Debug|Any CPU.Build.0 = Debug|Any CPU
		{D5335D57-5D5B-4588-A7E4-1C77397AAA75}.Release|Any CPU.ActiveCfg = Release|Any CPU
		{D5335D57-5D5B-4588-A7E4-1C77397AAA75}.Release|Any CPU.Build.0 = Release|Any CPU
		{B0BD8990-1FE7-4EB3-8840-008977795F8C}.Debug|Any CPU.ActiveCfg = Debug|Any CPU
		{B0BD8990-1FE7-4EB3-8840-008977795F8C}.Debug|Any CPU.Build.0 = Debug|Any CPU
		{B0BD8990-1FE7-4EB3-8840-008977795F8C}.Release|Any CPU.ActiveCfg = Release|Any CPU
		{B0BD8990-1FE7-4EB3-8840-008977795F8C}.Release|Any CPU.Build.0 = Release|Any CPU
		{4ADFF1B0-8C40-4E45-9E0C-BBA0861FFC5E}.Debug|Any CPU.ActiveCfg = Debug|Any CPU
		{4ADFF1B0-8C40-4E45-9E0C-BBA0861FFC5E}.Debug|Any CPU.Build.0 = Debug|Any CPU
		{4ADFF1B0-8C40-4E45-9E0C-BBA0861FFC5E}.Release|Any CPU.ActiveCfg = Release|Any CPU
		{4ADFF1B0-8C40-4E45-9E0C-BBA0861FFC5E}.Release|Any CPU.Build.0 = Release|Any CPU
		{3914D317-2688-46F4-A5C1-40579EB8F1CB}.Debug|Any CPU.ActiveCfg = Debug|Any CPU
		{3914D317-2688-46F4-A5C1-40579EB8F1CB}.Debug|Any CPU.Build.0 = Debug|Any CPU
		{3914D317-2688-46F4-A5C1-40579EB8F1CB}.Release|Any CPU.ActiveCfg = Release|Any CPU
		{3914D317-2688-46F4-A5C1-40579EB8F1CB}.Release|Any CPU.Build.0 = Release|Any CPU
		{219D803F-82B6-4E8F-8ACE-BB929AED814E}.Debug|Any CPU.ActiveCfg = Debug|Any CPU
		{219D803F-82B6-4E8F-8ACE-BB929AED814E}.Debug|Any CPU.Build.0 = Debug|Any CPU
		{219D803F-82B6-4E8F-8ACE-BB929AED814E}.Release|Any CPU.ActiveCfg = Release|Any CPU
		{219D803F-82B6-4E8F-8ACE-BB929AED814E}.Release|Any CPU.Build.0 = Release|Any CPU
		{02CDD324-D0C4-4F07-A954-4784B2E30C60}.Debug|Any CPU.ActiveCfg = Debug|Any CPU
		{02CDD324-D0C4-4F07-A954-4784B2E30C60}.Debug|Any CPU.Build.0 = Debug|Any CPU
		{02CDD324-D0C4-4F07-A954-4784B2E30C60}.Release|Any CPU.ActiveCfg = Release|Any CPU
		{02CDD324-D0C4-4F07-A954-4784B2E30C60}.Release|Any CPU.Build.0 = Release|Any CPU
		{AFB7A30F-DC74-4FE5-8CB9-6E83731E19D8}.Debug|Any CPU.ActiveCfg = Debug|Any CPU
		{AFB7A30F-DC74-4FE5-8CB9-6E83731E19D8}.Debug|Any CPU.Build.0 = Debug|Any CPU
		{AFB7A30F-DC74-4FE5-8CB9-6E83731E19D8}.Release|Any CPU.ActiveCfg = Release|Any CPU
		{AFB7A30F-DC74-4FE5-8CB9-6E83731E19D8}.Release|Any CPU.Build.0 = Release|Any CPU
		{FAA03F46-E7D2-4D9B-AF39-690FD01B33B3}.Debug|Any CPU.ActiveCfg = Debug|Any CPU
		{FAA03F46-E7D2-4D9B-AF39-690FD01B33B3}.Debug|Any CPU.Build.0 = Debug|Any CPU
		{FAA03F46-E7D2-4D9B-AF39-690FD01B33B3}.Release|Any CPU.ActiveCfg = Release|Any CPU
		{FAA03F46-E7D2-4D9B-AF39-690FD01B33B3}.Release|Any CPU.Build.0 = Release|Any CPU
		{DB0A2337-6314-492E-B595-5B264EF2467B}.Debug|Any CPU.ActiveCfg = Debug|Any CPU
		{DB0A2337-6314-492E-B595-5B264EF2467B}.Debug|Any CPU.Build.0 = Debug|Any CPU
		{DB0A2337-6314-492E-B595-5B264EF2467B}.Release|Any CPU.ActiveCfg = Release|Any CPU
		{DB0A2337-6314-492E-B595-5B264EF2467B}.Release|Any CPU.Build.0 = Release|Any CPU
		{4FAC0E19-4E76-4FFD-B674-32E847254A8F}.Debug|Any CPU.ActiveCfg = Debug|Any CPU
		{4FAC0E19-4E76-4FFD-B674-32E847254A8F}.Debug|Any CPU.Build.0 = Debug|Any CPU
		{4FAC0E19-4E76-4FFD-B674-32E847254A8F}.Release|Any CPU.ActiveCfg = Release|Any CPU
		{4FAC0E19-4E76-4FFD-B674-32E847254A8F}.Release|Any CPU.Build.0 = Release|Any CPU
	EndGlobalSection
	GlobalSection(SolutionProperties) = preSolution
		HideSolutionNode = FALSE
	EndGlobalSection
	GlobalSection(NestedProjects) = preSolution
		{EF56B9BB-852E-4C64-A2C6-B0D318B24DE7} = {F3D77429-C6B8-4623-B9D4-1722A823CBEF}
		{A6AE4B6A-A89C-4C7E-A65C-8E228A9DF2D9} = {F3D77429-C6B8-4623-B9D4-1722A823CBEF}
		{F80D06E6-B343-45E7-9791-AABBBC659A80} = {F3D77429-C6B8-4623-B9D4-1722A823CBEF}
		{08333467-30AB-4D21-8690-EB74C2E0B94E} = {F3D77429-C6B8-4623-B9D4-1722A823CBEF}
		{9C7DA39E-45B9-4606-85E5-1CAE471907CA} = {F3D77429-C6B8-4623-B9D4-1722A823CBEF}
		{977E3077-450B-4092-B8D2-F62CA959687B} = {F3D77429-C6B8-4623-B9D4-1722A823CBEF}
		{33DA1ABD-4AF6-4638-9566-6F3C53D0A3EB} = {F3D77429-C6B8-4623-B9D4-1722A823CBEF}
		{B3650823-59E4-4953-B695-B49746AF7AFD} = {F3D77429-C6B8-4623-B9D4-1722A823CBEF}
		{C93DC5BB-2A3D-4E39-9F64-20E86CFA0041} = {F3D77429-C6B8-4623-B9D4-1722A823CBEF}
		{F4AAFE25-40C5-4104-9F4D-1E881E6EB597} = {F3D77429-C6B8-4623-B9D4-1722A823CBEF}
		{5F595B39-F93F-4021-97B1-F59FE495F27A} = {DFB33B2F-85D7-4FEA-B80E-18B181ADB439}
		{C1994A30-59C9-49DC-91F5-6CFA2D72C173} = {DFB33B2F-85D7-4FEA-B80E-18B181ADB439}
		{15C0B90F-0B7C-4EF7-A918-84DC13BDA8D0} = {DFB33B2F-85D7-4FEA-B80E-18B181ADB439}
		{A2D031C7-5E7F-423A-AAE7-AD2556D4FE70} = {DFB33B2F-85D7-4FEA-B80E-18B181ADB439}
		{0BF6D658-87CF-4A01-8842-7DDB2E8C89EC} = {DFB33B2F-85D7-4FEA-B80E-18B181ADB439}
		{DE142A6B-BDBC-4265-9C07-E4DCFE284BB3} = {DFB33B2F-85D7-4FEA-B80E-18B181ADB439}
		{31006D2F-3EF9-45ED-8FDF-2D84B0D9CBFC} = {DFB33B2F-85D7-4FEA-B80E-18B181ADB439}
		{621C037F-66D4-44F6-AE38-17932D0359D0} = {25EF7E84-F8A0-42DF-ACC9-5DEB162E468B}
		{E9C52944-5882-4CAD-9475-65D3E9859F93} = {25EF7E84-F8A0-42DF-ACC9-5DEB162E468B}
		{4C370EAC-D4CA-4860-AA45-D172F0197742} = {25EF7E84-F8A0-42DF-ACC9-5DEB162E468B}
		{3AF93A1F-E446-47E3-B60E-55A4B237F018} = {25EF7E84-F8A0-42DF-ACC9-5DEB162E468B}
		{03DCC6C9-132E-49B7-911B-8CBF45A09443} = {25EF7E84-F8A0-42DF-ACC9-5DEB162E468B}
		{A780B8F9-091E-45E0-B0EE-95AC632837D7} = {25EF7E84-F8A0-42DF-ACC9-5DEB162E468B}
		{E0E572A9-CAE4-4E4F-BCE2-C03D8A871295} = {25EF7E84-F8A0-42DF-ACC9-5DEB162E468B}
		{1AB6CD49-A002-4FEE-8FD9-CB3EDEBD964B} = {25EF7E84-F8A0-42DF-ACC9-5DEB162E468B}
		{1367B1D1-5557-401F-877F-0DEFA85FB549} = {25EF7E84-F8A0-42DF-ACC9-5DEB162E468B}
		{BE4B73EA-377A-448A-8152-DCA521FE0945} = {25EF7E84-F8A0-42DF-ACC9-5DEB162E468B}
		{41A3FB4F-A476-43A2-9F2C-78BE90F05BA8} = {25EF7E84-F8A0-42DF-ACC9-5DEB162E468B}
		{A093A52A-DE1A-44B4-93D0-1A62C395252A} = {25EF7E84-F8A0-42DF-ACC9-5DEB162E468B}
		{6387777B-11D1-4518-8A55-995BDEB3613C} = {25EF7E84-F8A0-42DF-ACC9-5DEB162E468B}
		{EDE8AAA3-1241-483E-9E33-4189CCD105EC} = {BBFAE10E-8723-4E0F-86DA-944782425520}
		{5FDD462D-A9D8-4594-B061-B327E1DCDC36} = {55D20105-06DE-48CD-8B8E-BC6A0766902D}
		{CF0C1DA5-F817-4185-97E7-0D068E2DD7F2} = {55D20105-06DE-48CD-8B8E-BC6A0766902D}
		{16AFB85A-8467-4EC0-9D37-A3B1823D1F0A} = {55D20105-06DE-48CD-8B8E-BC6A0766902D}
		{9E23403F-1092-4953-A7D0-3E6CFB3052EE} = {55D20105-06DE-48CD-8B8E-BC6A0766902D}
		{2DAFEBB1-9580-40E2-B4EA-5EF1BD8E5797} = {55D20105-06DE-48CD-8B8E-BC6A0766902D}
		{43A749AB-46BB-49EB-A7C8-3611EA4D3A2C} = {55D20105-06DE-48CD-8B8E-BC6A0766902D}
		{0A292A6A-0696-472B-819F-E73409170394} = {55D20105-06DE-48CD-8B8E-BC6A0766902D}
		{1EAFB6D4-A025-43EB-A322-7D7FFF509297} = {BBFAE10E-8723-4E0F-86DA-944782425520}
		{E581372B-C913-4477-9947-247AF65CCF69} = {BBFAE10E-8723-4E0F-86DA-944782425520}
		{08B69712-9E90-4451-B1F5-9E64252363DA} = {BBFAE10E-8723-4E0F-86DA-944782425520}
		{F19E0658-89AA-4411-ACA7-F42B6F49239D} = {BBFAE10E-8723-4E0F-86DA-944782425520}
		{71DAD370-E71C-4D1A-96CF-AA412F7F2574} = {BBFAE10E-8723-4E0F-86DA-944782425520}
		{5DDE06C9-DB20-459B-B5F3-3D675E23BEBD} = {BBFAE10E-8723-4E0F-86DA-944782425520}
		{A74DE040-1219-4387-AE70-29F710798AEF} = {BBFAE10E-8723-4E0F-86DA-944782425520}
		{559D1B10-2662-4CF1-A93C-E874747FC9E5} = {BBFAE10E-8723-4E0F-86DA-944782425520}
		{52BD04A2-323C-47A1-80AC-FF017492BDBB} = {CA3D92A2-523B-41DE-B986-C7911B5591AF}
		{C96F988E-1F75-419D-89E9-A0CE863A66A6} = {CA3D92A2-523B-41DE-B986-C7911B5591AF}
		{26E30C46-22C6-493D-8B77-5595AE351883} = {4E4D176D-1CAB-4057-970E-9D95A14E375D}
		{DBD21FDC-0EC7-4F74-A10D-45134B57B49C} = {4E4D176D-1CAB-4057-970E-9D95A14E375D}
		{D5335D57-5D5B-4588-A7E4-1C77397AAA75} = {4E4D176D-1CAB-4057-970E-9D95A14E375D}
		{B0BD8990-1FE7-4EB3-8840-008977795F8C} = {4E4D176D-1CAB-4057-970E-9D95A14E375D}
		{4ADFF1B0-8C40-4E45-9E0C-BBA0861FFC5E} = {4E4D176D-1CAB-4057-970E-9D95A14E375D}
		{3914D317-2688-46F4-A5C1-40579EB8F1CB} = {4E4D176D-1CAB-4057-970E-9D95A14E375D}
		{219D803F-82B6-4E8F-8ACE-BB929AED814E} = {4E4D176D-1CAB-4057-970E-9D95A14E375D}
		{02CDD324-D0C4-4F07-A954-4784B2E30C60} = {4E4D176D-1CAB-4057-970E-9D95A14E375D}
		{AFB7A30F-DC74-4FE5-8CB9-6E83731E19D8} = {4E4D176D-1CAB-4057-970E-9D95A14E375D}
		{FAA03F46-E7D2-4D9B-AF39-690FD01B33B3} = {4E4D176D-1CAB-4057-970E-9D95A14E375D}
		{DB0A2337-6314-492E-B595-5B264EF2467B} = {4E4D176D-1CAB-4057-970E-9D95A14E375D}
		{4FAC0E19-4E76-4FFD-B674-32E847254A8F} = {4E4D176D-1CAB-4057-970E-9D95A14E375D}
	EndGlobalSection
EndGlobal
