
Microsoft Visual Studio Solution File, Format Version 12.00
# Visual Studio 14
VisualStudioVersion = 14.0.22823.1
MinimumVisualStudioVersion = 10.0.40219.1
Project("{FAE04EC0-301F-11D3-BF4B-00C04F79EFBC}") = "01.StringExtensions", "01.StringExtentions\01.StringExtensions.csproj", "{0F6783DB-1343-49A6-8EBE-5981F4DF2E60}"
EndProject
Project("{FAE04EC0-301F-11D3-BF4B-00C04F79EFBC}") = "02.InterfaceDocumentation", "02.InterfaceDocumentation\02.InterfaceDocumentation.csproj", "{B005C0B3-5C89-45A7-9BE1-FAB966806F40}"
EndProject
Global
	GlobalSection(SolutionConfigurationPlatforms) = preSolution
		Debug|Any CPU = Debug|Any CPU
		Release|Any CPU = Release|Any CPU
	EndGlobalSection
	GlobalSection(ProjectConfigurationPlatforms) = postSolution
		{0F6783DB-1343-49A6-8EBE-5981F4DF2E60}.Debug|Any CPU.ActiveCfg = Debug|Any CPU
		{0F6783DB-1343-49A6-8EBE-5981F4DF2E60}.Debug|Any CPU.Build.0 = Debug|Any CPU
		{0F6783DB-1343-49A6-8EBE-5981F4DF2E60}.Release|Any CPU.ActiveCfg = Release|Any CPU
		{0F6783DB-1343-49A6-8EBE-5981F4DF2E60}.Release|Any CPU.Build.0 = Release|Any CPU
		{B005C0B3-5C89-45A7-9BE1-FAB966806F40}.Debug|Any CPU.ActiveCfg = Debug|Any CPU
		{B005C0B3-5C89-45A7-9BE1-FAB966806F40}.Debug|Any CPU.Build.0 = Debug|Any CPU
		{B005C0B3-5C89-45A7-9BE1-FAB966806F40}.Release|Any CPU.ActiveCfg = Release|Any CPU
		{B005C0B3-5C89-45A7-9BE1-FAB966806F40}.Release|Any CPU.Build.0 = Release|Any CPU
	EndGlobalSection
	GlobalSection(SolutionProperties) = preSolution
		HideSolutionNode = FALSE
	EndGlobalSection
EndGlobal
